// !$*UTF8*$!
{
	archiveVersion = 1;
	classes = {
	};
	objectVersion = 56;
	objects = {

/* Begin PBXBuildFile section */
		3C07D66E2C3D7FE600AF3E3E /* NavBarModifier.swift in Sources */ = {isa = PBXBuildFile; fileRef = 3C07D66D2C3D7FE600AF3E3E /* NavBarModifier.swift */; };
		3C4EB7092C2BF1D9000B7F6A /* Date+Formatting.swift in Sources */ = {isa = PBXBuildFile; fileRef = 3C4EB7082C2BF1D9000B7F6A /* Date+Formatting.swift */; };
		3C4EB70B2C2C064A000B7F6A /* TodoEditViewModel.swift in Sources */ = {isa = PBXBuildFile; fileRef = 3C4EB70A2C2C064A000B7F6A /* TodoEditViewModel.swift */; };
		3C4EB70D2C2EC1A3000B7F6A /* Color+HexString.swift in Sources */ = {isa = PBXBuildFile; fileRef = 3C4EB70C2C2EC1A3000B7F6A /* Color+HexString.swift */; };
		3C4EB70F2C2EC642000B7F6A /* Color+Random.swift in Sources */ = {isa = PBXBuildFile; fileRef = 3C4EB70E2C2EC642000B7F6A /* Color+Random.swift */; };
		3C4EB7122C2ECBC8000B7F6A /* TodoColorPickerLabel.swift in Sources */ = {isa = PBXBuildFile; fileRef = 3C4EB7112C2ECBC8000B7F6A /* TodoColorPickerLabel.swift */; };
		3C4EB71C2C2F3F09000B7F6A /* Color+isDark.swift in Sources */ = {isa = PBXBuildFile; fileRef = 3C4EB71B2C2F3F09000B7F6A /* Color+isDark.swift */; };
		3C4EB7232C2F96F7000B7F6A /* TodoColorPicker.swift in Sources */ = {isa = PBXBuildFile; fileRef = 3C4EB7222C2F96F7000B7F6A /* TodoColorPicker.swift */; };
		3C68296B2C4005E100B9BA05 /* CocoaLumberjackSwift in Frameworks */ = {isa = PBXBuildFile; productRef = 3C68296A2C4005E100B9BA05 /* CocoaLumberjackSwift */; };
		3C68296D2C4007C200B9BA05 /* CocoaLumberjack in Frameworks */ = {isa = PBXBuildFile; productRef = 3C68296C2C4007C200B9BA05 /* CocoaLumberjack */; };
		3C732B4C2C4122EB00EBC4DA /* FileCache in Resources */ = {isa = PBXBuildFile; fileRef = 3C732B4B2C4122EB00EBC4DA /* FileCache */; };
		3C732B4E2C41240800EBC4DA /* FileCache in Frameworks */ = {isa = PBXBuildFile; productRef = 3C732B4D2C41240800EBC4DA /* FileCache */; };
		3C92060E2C256878002A8272 /* TodoItem.swift in Sources */ = {isa = PBXBuildFile; fileRef = 3C92060D2C256878002A8272 /* TodoItem.swift */; };
		3C9206242C25ECE2002A8272 /* TodoItemTests.swift in Sources */ = {isa = PBXBuildFile; fileRef = 3C9206232C25ECE2002A8272 /* TodoItemTests.swift */; };
		3C9A2B912C2B3012007CD7F8 /* TodoItem+Cacheable.swift in Sources */ = {isa = PBXBuildFile; fileRef = 3C9A2B902C2B3012007CD7F8 /* TodoItem+Cacheable.swift */; };
		3C9A2B972C2B3EC8007CD7F8 /* ModelData.swift in Sources */ = {isa = PBXBuildFile; fileRef = 3C9A2B962C2B3EC8007CD7F8 /* ModelData.swift */; };
		3C9A2B992C2B4235007CD7F8 /* TodoList.swift in Sources */ = {isa = PBXBuildFile; fileRef = 3C9A2B982C2B4235007CD7F8 /* TodoList.swift */; };
		3C9A2B9B2C2B4240007CD7F8 /* TodoRow.swift in Sources */ = {isa = PBXBuildFile; fileRef = 3C9A2B9A2C2B4240007CD7F8 /* TodoRow.swift */; };
		3C9A2BA12C2B42CC007CD7F8 /* TodoEdit.swift in Sources */ = {isa = PBXBuildFile; fileRef = 3C9A2BA02C2B42CC007CD7F8 /* TodoEdit.swift */; };
		3C9A2BA52C2B4865007CD7F8 /* TodoItemJSONTests.swift in Sources */ = {isa = PBXBuildFile; fileRef = 3C9A2BA42C2B4865007CD7F8 /* TodoItemJSONTests.swift */; };
		3C9A2BA72C2B48AF007CD7F8 /* TodoItemCSVTests.swift in Sources */ = {isa = PBXBuildFile; fileRef = 3C9A2BA62C2B48AF007CD7F8 /* TodoItemCSVTests.swift */; };
		3CA19E7F2C367BF800A28319 /* TodoCalendarViewController.swift in Sources */ = {isa = PBXBuildFile; fileRef = 3CA19E7E2C367BF800A28319 /* TodoCalendarViewController.swift */; };
		3CA19E812C367CE200A28319 /* TodoCalendarRepresentable.swift in Sources */ = {isa = PBXBuildFile; fileRef = 3CA19E802C367CE200A28319 /* TodoCalendarRepresentable.swift */; };
		3CA19E832C3692E500A28319 /* MockData.swift in Sources */ = {isa = PBXBuildFile; fileRef = 3CA19E822C3692E500A28319 /* MockData.swift */; };
		3CA19E8A2C36C64900A28319 /* Date+StartOfDay.swift in Sources */ = {isa = PBXBuildFile; fileRef = 3CA19E892C36C64900A28319 /* Date+StartOfDay.swift */; };
		3CA19E8C2C36CCCA00A28319 /* DateCell.swift in Sources */ = {isa = PBXBuildFile; fileRef = 3CA19E8B2C36CCC900A28319 /* DateCell.swift */; };
		3CA19E8E2C371F2800A28319 /* TodoCalendar.swift in Sources */ = {isa = PBXBuildFile; fileRef = 3CA19E8D2C371F2800A28319 /* TodoCalendar.swift */; };
		3CA19EBB2C388FB200A28319 /* CategoryPicker.swift in Sources */ = {isa = PBXBuildFile; fileRef = 3CA19EBA2C388FB200A28319 /* CategoryPicker.swift */; };
		3CA19EBE2C389E5C00A28319 /* TodoItemCell.swift in Sources */ = {isa = PBXBuildFile; fileRef = 3CA19EBD2C389E5C00A28319 /* TodoItemCell.swift */; };
		3CD082EC2C41C516002892A4 /* URLSession+DataTask.swift in Sources */ = {isa = PBXBuildFile; fileRef = 3CD082EB2C41C516002892A4 /* URLSession+DataTask.swift */; };
		3CD082EE2C41C924002892A4 /* DataTaskTests.swift in Sources */ = {isa = PBXBuildFile; fileRef = 3CD082ED2C41C924002892A4 /* DataTaskTests.swift */; };
		3CD370B72C284F40004B8107 /* .gitignore in Resources */ = {isa = PBXBuildFile; fileRef = 3CD370B62C284F40004B8107 /* .gitignore */; };
		3CF6619E2C2085CC00BD719F /* YaToDoApp.swift in Sources */ = {isa = PBXBuildFile; fileRef = 3CF6619D2C2085CC00BD719F /* YaToDoApp.swift */; };
		3CF661A02C2085CC00BD719F /* ContentView.swift in Sources */ = {isa = PBXBuildFile; fileRef = 3CF6619F2C2085CC00BD719F /* ContentView.swift */; };
		3CF661A22C2085CE00BD719F /* Assets.xcassets in Resources */ = {isa = PBXBuildFile; fileRef = 3CF661A12C2085CE00BD719F /* Assets.xcassets */; };
		3CF661A52C2085CE00BD719F /* Preview Assets.xcassets in Resources */ = {isa = PBXBuildFile; fileRef = 3CF661A42C2085CE00BD719F /* Preview Assets.xcassets */; };
		8E815E0C6607DD6BF9147171 /* Pods_YaToDoTests.framework in Frameworks */ = {isa = PBXBuildFile; fileRef = A99B5D43AE581BED308E2884 /* Pods_YaToDoTests.framework */; };
		C8AD37524D5A069901AA63CF /* Pods_YaToDo.framework in Frameworks */ = {isa = PBXBuildFile; fileRef = 5DA6C67660730A32C909185D /* Pods_YaToDo.framework */; };
/* End PBXBuildFile section */

/* Begin PBXContainerItemProxy section */
		3C92061E2C25ECC0002A8272 /* PBXContainerItemProxy */ = {
			isa = PBXContainerItemProxy;
			containerPortal = 3CF661922C2085CC00BD719F /* Project object */;
			proxyType = 1;
			remoteGlobalIDString = 3CF661992C2085CC00BD719F;
			remoteInfo = YaToDo;
		};
/* End PBXContainerItemProxy section */

/* Begin PBXFileReference section */
		0C9E025007B384B476981A3B /* Pods-YaToDo.debug.xcconfig */ = {isa = PBXFileReference; includeInIndex = 1; lastKnownFileType = text.xcconfig; name = "Pods-YaToDo.debug.xcconfig"; path = "Target Support Files/Pods-YaToDo/Pods-YaToDo.debug.xcconfig"; sourceTree = "<group>"; };
		3C07D66D2C3D7FE600AF3E3E /* NavBarModifier.swift */ = {isa = PBXFileReference; lastKnownFileType = sourcecode.swift; path = NavBarModifier.swift; sourceTree = "<group>"; };
		3C4EB7082C2BF1D9000B7F6A /* Date+Formatting.swift */ = {isa = PBXFileReference; lastKnownFileType = sourcecode.swift; path = "Date+Formatting.swift"; sourceTree = "<group>"; };
		3C4EB70A2C2C064A000B7F6A /* TodoEditViewModel.swift */ = {isa = PBXFileReference; lastKnownFileType = sourcecode.swift; path = TodoEditViewModel.swift; sourceTree = "<group>"; };
		3C4EB70C2C2EC1A3000B7F6A /* Color+HexString.swift */ = {isa = PBXFileReference; lastKnownFileType = sourcecode.swift; path = "Color+HexString.swift"; sourceTree = "<group>"; };
		3C4EB70E2C2EC642000B7F6A /* Color+Random.swift */ = {isa = PBXFileReference; lastKnownFileType = sourcecode.swift; path = "Color+Random.swift"; sourceTree = "<group>"; };
		3C4EB7112C2ECBC8000B7F6A /* TodoColorPickerLabel.swift */ = {isa = PBXFileReference; lastKnownFileType = sourcecode.swift; path = TodoColorPickerLabel.swift; sourceTree = "<group>"; };
		3C4EB71B2C2F3F09000B7F6A /* Color+isDark.swift */ = {isa = PBXFileReference; lastKnownFileType = sourcecode.swift; path = "Color+isDark.swift"; sourceTree = "<group>"; };
		3C4EB7222C2F96F7000B7F6A /* TodoColorPicker.swift */ = {isa = PBXFileReference; lastKnownFileType = sourcecode.swift; path = TodoColorPicker.swift; sourceTree = "<group>"; };
		3C732B4B2C4122EB00EBC4DA /* FileCache */ = {isa = PBXFileReference; lastKnownFileType = wrapper; path = FileCache; sourceTree = "<group>"; };
		3C92060D2C256878002A8272 /* TodoItem.swift */ = {isa = PBXFileReference; lastKnownFileType = sourcecode.swift; path = TodoItem.swift; sourceTree = "<group>"; };
		3C92061A2C25ECC0002A8272 /* YaToDoTests.xctest */ = {isa = PBXFileReference; explicitFileType = wrapper.cfbundle; includeInIndex = 0; path = YaToDoTests.xctest; sourceTree = BUILT_PRODUCTS_DIR; };
		3C9206232C25ECE2002A8272 /* TodoItemTests.swift */ = {isa = PBXFileReference; lastKnownFileType = sourcecode.swift; path = TodoItemTests.swift; sourceTree = "<group>"; };
		3C9A2B902C2B3012007CD7F8 /* TodoItem+Cacheable.swift */ = {isa = PBXFileReference; lastKnownFileType = sourcecode.swift; path = "TodoItem+Cacheable.swift"; sourceTree = "<group>"; };
		3C9A2B962C2B3EC8007CD7F8 /* ModelData.swift */ = {isa = PBXFileReference; lastKnownFileType = sourcecode.swift; path = ModelData.swift; sourceTree = "<group>"; };
		3C9A2B982C2B4235007CD7F8 /* TodoList.swift */ = {isa = PBXFileReference; lastKnownFileType = sourcecode.swift; path = TodoList.swift; sourceTree = "<group>"; };
		3C9A2B9A2C2B4240007CD7F8 /* TodoRow.swift */ = {isa = PBXFileReference; lastKnownFileType = sourcecode.swift; path = TodoRow.swift; sourceTree = "<group>"; };
		3C9A2BA02C2B42CC007CD7F8 /* TodoEdit.swift */ = {isa = PBXFileReference; lastKnownFileType = sourcecode.swift; path = TodoEdit.swift; sourceTree = "<group>"; };
		3C9A2BA42C2B4865007CD7F8 /* TodoItemJSONTests.swift */ = {isa = PBXFileReference; lastKnownFileType = sourcecode.swift; path = TodoItemJSONTests.swift; sourceTree = "<group>"; };
		3C9A2BA62C2B48AF007CD7F8 /* TodoItemCSVTests.swift */ = {isa = PBXFileReference; lastKnownFileType = sourcecode.swift; path = TodoItemCSVTests.swift; sourceTree = "<group>"; };
		3CA19E7E2C367BF800A28319 /* TodoCalendarViewController.swift */ = {isa = PBXFileReference; lastKnownFileType = sourcecode.swift; path = TodoCalendarViewController.swift; sourceTree = "<group>"; };
		3CA19E802C367CE200A28319 /* TodoCalendarRepresentable.swift */ = {isa = PBXFileReference; lastKnownFileType = sourcecode.swift; path = TodoCalendarRepresentable.swift; sourceTree = "<group>"; };
		3CA19E822C3692E500A28319 /* MockData.swift */ = {isa = PBXFileReference; lastKnownFileType = sourcecode.swift; path = MockData.swift; sourceTree = "<group>"; };
		3CA19E892C36C64900A28319 /* Date+StartOfDay.swift */ = {isa = PBXFileReference; lastKnownFileType = sourcecode.swift; path = "Date+StartOfDay.swift"; sourceTree = "<group>"; };
		3CA19E8B2C36CCC900A28319 /* DateCell.swift */ = {isa = PBXFileReference; lastKnownFileType = sourcecode.swift; path = DateCell.swift; sourceTree = "<group>"; };
		3CA19E8D2C371F2800A28319 /* TodoCalendar.swift */ = {isa = PBXFileReference; lastKnownFileType = sourcecode.swift; path = TodoCalendar.swift; sourceTree = "<group>"; };
		3CA19EBA2C388FB200A28319 /* CategoryPicker.swift */ = {isa = PBXFileReference; lastKnownFileType = sourcecode.swift; path = CategoryPicker.swift; sourceTree = "<group>"; };
		3CA19EBD2C389E5C00A28319 /* TodoItemCell.swift */ = {isa = PBXFileReference; lastKnownFileType = sourcecode.swift; path = TodoItemCell.swift; sourceTree = "<group>"; };
		3CD082EB2C41C516002892A4 /* URLSession+DataTask.swift */ = {isa = PBXFileReference; lastKnownFileType = sourcecode.swift; path = "URLSession+DataTask.swift"; sourceTree = "<group>"; };
		3CD082ED2C41C924002892A4 /* DataTaskTests.swift */ = {isa = PBXFileReference; lastKnownFileType = sourcecode.swift; path = DataTaskTests.swift; sourceTree = "<group>"; };
		3CD370B62C284F40004B8107 /* .gitignore */ = {isa = PBXFileReference; lastKnownFileType = text; path = .gitignore; sourceTree = "<group>"; };
		3CF6619A2C2085CC00BD719F /* YaToDo.app */ = {isa = PBXFileReference; explicitFileType = wrapper.application; includeInIndex = 0; path = YaToDo.app; sourceTree = BUILT_PRODUCTS_DIR; };
		3CF6619D2C2085CC00BD719F /* YaToDoApp.swift */ = {isa = PBXFileReference; lastKnownFileType = sourcecode.swift; path = YaToDoApp.swift; sourceTree = "<group>"; };
		3CF6619F2C2085CC00BD719F /* ContentView.swift */ = {isa = PBXFileReference; lastKnownFileType = sourcecode.swift; path = ContentView.swift; sourceTree = "<group>"; };
		3CF661A12C2085CE00BD719F /* Assets.xcassets */ = {isa = PBXFileReference; lastKnownFileType = folder.assetcatalog; path = Assets.xcassets; sourceTree = "<group>"; };
		3CF661A42C2085CE00BD719F /* Preview Assets.xcassets */ = {isa = PBXFileReference; lastKnownFileType = folder.assetcatalog; path = "Preview Assets.xcassets"; sourceTree = "<group>"; };
		5DA6C67660730A32C909185D /* Pods_YaToDo.framework */ = {isa = PBXFileReference; explicitFileType = wrapper.framework; includeInIndex = 0; path = Pods_YaToDo.framework; sourceTree = BUILT_PRODUCTS_DIR; };
		65E54F73C3FE2DE461F92979 /* Pods-YaToDo.release.xcconfig */ = {isa = PBXFileReference; includeInIndex = 1; lastKnownFileType = text.xcconfig; name = "Pods-YaToDo.release.xcconfig"; path = "Target Support Files/Pods-YaToDo/Pods-YaToDo.release.xcconfig"; sourceTree = "<group>"; };
		6A08ED76714CD428B9391C06 /* Pods-YaToDoTests.debug.xcconfig */ = {isa = PBXFileReference; includeInIndex = 1; lastKnownFileType = text.xcconfig; name = "Pods-YaToDoTests.debug.xcconfig"; path = "Target Support Files/Pods-YaToDoTests/Pods-YaToDoTests.debug.xcconfig"; sourceTree = "<group>"; };
		7154826028DFF37AC3C287BC /* Pods-YaToDoTests.release.xcconfig */ = {isa = PBXFileReference; includeInIndex = 1; lastKnownFileType = text.xcconfig; name = "Pods-YaToDoTests.release.xcconfig"; path = "Target Support Files/Pods-YaToDoTests/Pods-YaToDoTests.release.xcconfig"; sourceTree = "<group>"; };
		A99B5D43AE581BED308E2884 /* Pods_YaToDoTests.framework */ = {isa = PBXFileReference; explicitFileType = wrapper.framework; includeInIndex = 0; path = Pods_YaToDoTests.framework; sourceTree = BUILT_PRODUCTS_DIR; };
/* End PBXFileReference section */

/* Begin PBXFrameworksBuildPhase section */
		3C9206172C25ECC0002A8272 /* Frameworks */ = {
			isa = PBXFrameworksBuildPhase;
			buildActionMask = 2147483647;
			files = (
				8E815E0C6607DD6BF9147171 /* Pods_YaToDoTests.framework in Frameworks */,
			);
			runOnlyForDeploymentPostprocessing = 0;
		};
		3CF661972C2085CC00BD719F /* Frameworks */ = {
			isa = PBXFrameworksBuildPhase;
			buildActionMask = 2147483647;
			files = (
				3C68296D2C4007C200B9BA05 /* CocoaLumberjack in Frameworks */,
				3C732B4E2C41240800EBC4DA /* FileCache in Frameworks */,
				3C68296B2C4005E100B9BA05 /* CocoaLumberjackSwift in Frameworks */,
				C8AD37524D5A069901AA63CF /* Pods_YaToDo.framework in Frameworks */,
			);
			runOnlyForDeploymentPostprocessing = 0;
		};
/* End PBXFrameworksBuildPhase section */

/* Begin PBXGroup section */
		1EA8388C8433FCF9D2B2117D /* Frameworks */ = {
			isa = PBXGroup;
			children = (
				5DA6C67660730A32C909185D /* Pods_YaToDo.framework */,
				A99B5D43AE581BED308E2884 /* Pods_YaToDoTests.framework */,
			);
			name = Frameworks;
			sourceTree = "<group>";
		};
		3C4EB7072C2BF133000B7F6A /* Extensions */ = {
			isa = PBXGroup;
			children = (
				3CD082EA2C41C4FA002892A4 /* URLSession */,
				3CA19E862C369E7B00A28319 /* Date */,
				3C4EB71D2C2F3F0C000B7F6A /* Color */,
			);
			path = Extensions;
			sourceTree = "<group>";
		};
		3C4EB7132C2EDACC000B7F6A /* Components */ = {
			isa = PBXGroup;
			children = (
				3CA19EB92C388FA300A28319 /* CategoryPicker */,
				3CA19EB82C388F9D00A28319 /* ColorPicker */,
			);
			path = Components;
			sourceTree = "<group>";
		};
		3C4EB71D2C2F3F0C000B7F6A /* Color */ = {
			isa = PBXGroup;
			children = (
				3C4EB70C2C2EC1A3000B7F6A /* Color+HexString.swift */,
				3C4EB70E2C2EC642000B7F6A /* Color+Random.swift */,
				3C4EB71B2C2F3F09000B7F6A /* Color+isDark.swift */,
			);
			path = Color;
			sourceTree = "<group>";
		};
		3C8FD9372C29D10400AB4C4A /* Model */ = {
			isa = PBXGroup;
			children = (
				3C9A2B952C2B3E9C007CD7F8 /* TodoItem */,
				3C9A2B962C2B3EC8007CD7F8 /* ModelData.swift */,
				3CA19E822C3692E500A28319 /* MockData.swift */,
			);
			path = Model;
			sourceTree = "<group>";
		};
		3C8FD9382C29D10E00AB4C4A /* Views */ = {
			isa = PBXGroup;
			children = (
				3CF6619F2C2085CC00BD719F /* ContentView.swift */,
				3C9A2B9C2C2B4245007CD7F8 /* TodoList */,
				3C9A2B9D2C2B4269007CD7F8 /* TodoEdit */,
				3CA19E7D2C36747500A28319 /* TodoCalendar */,
				3C4EB7132C2EDACC000B7F6A /* Components */,
			);
			path = Views;
			sourceTree = "<group>";
		};
		3C92061B2C25ECC0002A8272 /* YaToDoTests */ = {
			isa = PBXGroup;
			children = (
				3C9206232C25ECE2002A8272 /* TodoItemTests.swift */,
				3C9A2BA42C2B4865007CD7F8 /* TodoItemJSONTests.swift */,
				3C9A2BA62C2B48AF007CD7F8 /* TodoItemCSVTests.swift */,
				3CD082ED2C41C924002892A4 /* DataTaskTests.swift */,
			);
			path = YaToDoTests;
			sourceTree = "<group>";
		};
		3C9A2B952C2B3E9C007CD7F8 /* TodoItem */ = {
			isa = PBXGroup;
			children = (
				3C92060D2C256878002A8272 /* TodoItem.swift */,
				3C9A2B902C2B3012007CD7F8 /* TodoItem+Cacheable.swift */,
			);
			path = TodoItem;
			sourceTree = "<group>";
		};
		3C9A2B9C2C2B4245007CD7F8 /* TodoList */ = {
			isa = PBXGroup;
			children = (
				3C9A2B982C2B4235007CD7F8 /* TodoList.swift */,
				3CA19EBF2C38F1F700A28319 /* Components */,
			);
			path = TodoList;
			sourceTree = "<group>";
		};
		3C9A2B9D2C2B4269007CD7F8 /* TodoEdit */ = {
			isa = PBXGroup;
			children = (
				3C9A2BA02C2B42CC007CD7F8 /* TodoEdit.swift */,
				3C4EB70A2C2C064A000B7F6A /* TodoEditViewModel.swift */,
			);
			path = TodoEdit;
			sourceTree = "<group>";
		};
		3CA19E7D2C36747500A28319 /* TodoCalendar */ = {
			isa = PBXGroup;
			children = (
				3CA19E8D2C371F2800A28319 /* TodoCalendar.swift */,
				3CA19E802C367CE200A28319 /* TodoCalendarRepresentable.swift */,
				3CA19E7E2C367BF800A28319 /* TodoCalendarViewController.swift */,
				3CA19EBC2C389E0E00A28319 /* Components */,
			);
			path = TodoCalendar;
			sourceTree = "<group>";
		};
		3CA19E862C369E7B00A28319 /* Date */ = {
			isa = PBXGroup;
			children = (
				3C4EB7082C2BF1D9000B7F6A /* Date+Formatting.swift */,
				3CA19E892C36C64900A28319 /* Date+StartOfDay.swift */,
			);
			path = Date;
			sourceTree = "<group>";
		};
		3CA19EB82C388F9D00A28319 /* ColorPicker */ = {
			isa = PBXGroup;
			children = (
				3C4EB7222C2F96F7000B7F6A /* TodoColorPicker.swift */,
				3C4EB7112C2ECBC8000B7F6A /* TodoColorPickerLabel.swift */,
			);
			path = ColorPicker;
			sourceTree = "<group>";
		};
		3CA19EB92C388FA300A28319 /* CategoryPicker */ = {
			isa = PBXGroup;
			children = (
				3CA19EBA2C388FB200A28319 /* CategoryPicker.swift */,
			);
			path = CategoryPicker;
			sourceTree = "<group>";
		};
		3CA19EBC2C389E0E00A28319 /* Components */ = {
			isa = PBXGroup;
			children = (
				3CA19E8B2C36CCC900A28319 /* DateCell.swift */,
				3CA19EBD2C389E5C00A28319 /* TodoItemCell.swift */,
			);
			path = Components;
			sourceTree = "<group>";
		};
		3CA19EBF2C38F1F700A28319 /* Components */ = {
			isa = PBXGroup;
			children = (
				3C9A2B9A2C2B4240007CD7F8 /* TodoRow.swift */,
				3C07D66D2C3D7FE600AF3E3E /* NavBarModifier.swift */,
			);
			path = Components;
			sourceTree = "<group>";
		};
		3CD082EA2C41C4FA002892A4 /* URLSession */ = {
			isa = PBXGroup;
			children = (
				3CD082EB2C41C516002892A4 /* URLSession+DataTask.swift */,
			);
			path = URLSession;
			sourceTree = "<group>";
		};
		3CF661912C2085CC00BD719F = {
			isa = PBXGroup;
			children = (
				3CF6619C2C2085CC00BD719F /* YaToDo */,
				3C92061B2C25ECC0002A8272 /* YaToDoTests */,
				3CF6619B2C2085CC00BD719F /* Products */,
				8BD75D11FCAB75ECBEA1F5BB /* Pods */,
				1EA8388C8433FCF9D2B2117D /* Frameworks */,
				3CD370B62C284F40004B8107 /* .gitignore */,
				3C732B4B2C4122EB00EBC4DA /* FileCache */,
			);
			sourceTree = "<group>";
		};
		3CF6619B2C2085CC00BD719F /* Products */ = {
			isa = PBXGroup;
			children = (
				3CF6619A2C2085CC00BD719F /* YaToDo.app */,
				3C92061A2C25ECC0002A8272 /* YaToDoTests.xctest */,
			);
			name = Products;
			sourceTree = "<group>";
		};
		3CF6619C2C2085CC00BD719F /* YaToDo */ = {
			isa = PBXGroup;
			children = (
				3CF6619D2C2085CC00BD719F /* YaToDoApp.swift */,
				3C8FD9382C29D10E00AB4C4A /* Views */,
				3C8FD9372C29D10400AB4C4A /* Model */,
				3C4EB7072C2BF133000B7F6A /* Extensions */,
				3CF661A12C2085CE00BD719F /* Assets.xcassets */,
				3CF661A32C2085CE00BD719F /* Preview Content */,
			);
			path = YaToDo;
			sourceTree = "<group>";
		};
		3CF661A32C2085CE00BD719F /* Preview Content */ = {
			isa = PBXGroup;
			children = (
				3CF661A42C2085CE00BD719F /* Preview Assets.xcassets */,
			);
			path = "Preview Content";
			sourceTree = "<group>";
		};
		8BD75D11FCAB75ECBEA1F5BB /* Pods */ = {
			isa = PBXGroup;
			children = (
				0C9E025007B384B476981A3B /* Pods-YaToDo.debug.xcconfig */,
				65E54F73C3FE2DE461F92979 /* Pods-YaToDo.release.xcconfig */,
				6A08ED76714CD428B9391C06 /* Pods-YaToDoTests.debug.xcconfig */,
				7154826028DFF37AC3C287BC /* Pods-YaToDoTests.release.xcconfig */,
			);
			path = Pods;
			sourceTree = "<group>";
		};
/* End PBXGroup section */

/* Begin PBXNativeTarget section */
		3C9206192C25ECC0002A8272 /* YaToDoTests */ = {
			isa = PBXNativeTarget;
			buildConfigurationList = 3C9206202C25ECC0002A8272 /* Build configuration list for PBXNativeTarget "YaToDoTests" */;
			buildPhases = (
				A4EFEA0E72FA45814A9A5AB8 /* [CP] Check Pods Manifest.lock */,
				3C9206162C25ECC0002A8272 /* Sources */,
				3C9206172C25ECC0002A8272 /* Frameworks */,
				3C9206182C25ECC0002A8272 /* Resources */,
			);
			buildRules = (
			);
			dependencies = (
				3C92061F2C25ECC0002A8272 /* PBXTargetDependency */,
			);
			name = YaToDoTests;
			productName = YaToDoTests;
			productReference = 3C92061A2C25ECC0002A8272 /* YaToDoTests.xctest */;
			productType = "com.apple.product-type.bundle.unit-test";
		};
		3CF661992C2085CC00BD719F /* YaToDo */ = {
			isa = PBXNativeTarget;
			buildConfigurationList = 3CF661A82C2085CE00BD719F /* Build configuration list for PBXNativeTarget "YaToDo" */;
			buildPhases = (
				D305A218028150C660DF96B5 /* [CP] Check Pods Manifest.lock */,
				3CF661962C2085CC00BD719F /* Sources */,
				3C68296E2C40129800B9BA05 /* ShellScript */,
				3CF661972C2085CC00BD719F /* Frameworks */,
				3CF661982C2085CC00BD719F /* Resources */,
			);
			buildRules = (
			);
			dependencies = (
			);
			name = YaToDo;
			packageProductDependencies = (
				3C68296A2C4005E100B9BA05 /* CocoaLumberjackSwift */,
				3C68296C2C4007C200B9BA05 /* CocoaLumberjack */,
				3C732B4D2C41240800EBC4DA /* FileCache */,
			);
			productName = YaToDo;
			productReference = 3CF6619A2C2085CC00BD719F /* YaToDo.app */;
			productType = "com.apple.product-type.application";
		};
/* End PBXNativeTarget section */

/* Begin PBXProject section */
		3CF661922C2085CC00BD719F /* Project object */ = {
			isa = PBXProject;
			attributes = {
				BuildIndependentTargetsInParallel = 1;
				LastSwiftUpdateCheck = 1520;
				LastUpgradeCheck = 1520;
				TargetAttributes = {
					3C9206192C25ECC0002A8272 = {
						CreatedOnToolsVersion = 15.2;
						TestTargetID = 3CF661992C2085CC00BD719F;
					};
					3CF661992C2085CC00BD719F = {
						CreatedOnToolsVersion = 15.2;
					};
				};
			};
			buildConfigurationList = 3CF661952C2085CC00BD719F /* Build configuration list for PBXProject "YaToDo" */;
			compatibilityVersion = "Xcode 14.0";
			developmentRegion = en;
			hasScannedForEncodings = 0;
			knownRegions = (
				en,
				Base,
			);
			mainGroup = 3CF661912C2085CC00BD719F;
			packageReferences = (
				3C6829692C4005E100B9BA05 /* XCRemoteSwiftPackageReference "CocoaLumberjack" */,
			);
			productRefGroup = 3CF6619B2C2085CC00BD719F /* Products */;
			projectDirPath = "";
			projectRoot = "";
			targets = (
				3CF661992C2085CC00BD719F /* YaToDo */,
				3C9206192C25ECC0002A8272 /* YaToDoTests */,
			);
		};
/* End PBXProject section */

/* Begin PBXResourcesBuildPhase section */
		3C9206182C25ECC0002A8272 /* Resources */ = {
			isa = PBXResourcesBuildPhase;
			buildActionMask = 2147483647;
			files = (
			);
			runOnlyForDeploymentPostprocessing = 0;
		};
		3CF661982C2085CC00BD719F /* Resources */ = {
			isa = PBXResourcesBuildPhase;
			buildActionMask = 2147483647;
			files = (
				3CF661A52C2085CE00BD719F /* Preview Assets.xcassets in Resources */,
				3C732B4C2C4122EB00EBC4DA /* FileCache in Resources */,
				3CD370B72C284F40004B8107 /* .gitignore in Resources */,
				3CF661A22C2085CE00BD719F /* Assets.xcassets in Resources */,
			);
			runOnlyForDeploymentPostprocessing = 0;
		};
/* End PBXResourcesBuildPhase section */

/* Begin PBXShellScriptBuildPhase section */
		3C68296E2C40129800B9BA05 /* ShellScript */ = {
			isa = PBXShellScriptBuildPhase;
			alwaysOutOfDate = 1;
			buildActionMask = 2147483647;
			files = (
			);
			inputFileListPaths = (
			);
			inputPaths = (
			);
			outputFileListPaths = (
			);
			outputPaths = (
			);
			runOnlyForDeploymentPostprocessing = 0;
			shellPath = /bin/sh;
			shellScript = "${PODS_ROOT}/SwiftLint/swiftlint --fix && ${PODS_ROOT}/SwiftLint/swiftlint\n";
			showEnvVarsInLog = 0;
		};
		A4EFEA0E72FA45814A9A5AB8 /* [CP] Check Pods Manifest.lock */ = {
			isa = PBXShellScriptBuildPhase;
			buildActionMask = 2147483647;
			files = (
			);
			inputFileListPaths = (
			);
			inputPaths = (
				"${PODS_PODFILE_DIR_PATH}/Podfile.lock",
				"${PODS_ROOT}/Manifest.lock",
			);
			name = "[CP] Check Pods Manifest.lock";
			outputFileListPaths = (
			);
			outputPaths = (
				"$(DERIVED_FILE_DIR)/Pods-YaToDoTests-checkManifestLockResult.txt",
			);
			runOnlyForDeploymentPostprocessing = 0;
			shellPath = /bin/sh;
			shellScript = "diff \"${PODS_PODFILE_DIR_PATH}/Podfile.lock\" \"${PODS_ROOT}/Manifest.lock\" > /dev/null\nif [ $? != 0 ] ; then\n    # print error to STDERR\n    echo \"error: The sandbox is not in sync with the Podfile.lock. Run 'pod install' or update your CocoaPods installation.\" >&2\n    exit 1\nfi\n# This output is used by Xcode 'outputs' to avoid re-running this script phase.\necho \"SUCCESS\" > \"${SCRIPT_OUTPUT_FILE_0}\"\n";
			showEnvVarsInLog = 0;
		};
		D305A218028150C660DF96B5 /* [CP] Check Pods Manifest.lock */ = {
			isa = PBXShellScriptBuildPhase;
			buildActionMask = 2147483647;
			files = (
			);
			inputFileListPaths = (
			);
			inputPaths = (
				"${PODS_PODFILE_DIR_PATH}/Podfile.lock",
				"${PODS_ROOT}/Manifest.lock",
			);
			name = "[CP] Check Pods Manifest.lock";
			outputFileListPaths = (
			);
			outputPaths = (
				"$(DERIVED_FILE_DIR)/Pods-YaToDo-checkManifestLockResult.txt",
			);
			runOnlyForDeploymentPostprocessing = 0;
			shellPath = /bin/sh;
			shellScript = "diff \"${PODS_PODFILE_DIR_PATH}/Podfile.lock\" \"${PODS_ROOT}/Manifest.lock\" > /dev/null\nif [ $? != 0 ] ; then\n    # print error to STDERR\n    echo \"error: The sandbox is not in sync with the Podfile.lock. Run 'pod install' or update your CocoaPods installation.\" >&2\n    exit 1\nfi\n# This output is used by Xcode 'outputs' to avoid re-running this script phase.\necho \"SUCCESS\" > \"${SCRIPT_OUTPUT_FILE_0}\"\n";
			showEnvVarsInLog = 0;
		};
/* End PBXShellScriptBuildPhase section */

/* Begin PBXSourcesBuildPhase section */
		3C9206162C25ECC0002A8272 /* Sources */ = {
			isa = PBXSourcesBuildPhase;
			buildActionMask = 2147483647;
			files = (
				3C9A2BA72C2B48AF007CD7F8 /* TodoItemCSVTests.swift in Sources */,
				3C9A2BA52C2B4865007CD7F8 /* TodoItemJSONTests.swift in Sources */,
				3CD082EE2C41C924002892A4 /* DataTaskTests.swift in Sources */,
				3C9206242C25ECE2002A8272 /* TodoItemTests.swift in Sources */,
			);
			runOnlyForDeploymentPostprocessing = 0;
		};
		3CF661962C2085CC00BD719F /* Sources */ = {
			isa = PBXSourcesBuildPhase;
			buildActionMask = 2147483647;
			files = (
				3C4EB7122C2ECBC8000B7F6A /* TodoColorPickerLabel.swift in Sources */,
				3CA19E8C2C36CCCA00A28319 /* DateCell.swift in Sources */,
				3CA19E8E2C371F2800A28319 /* TodoCalendar.swift in Sources */,
				3C4EB70F2C2EC642000B7F6A /* Color+Random.swift in Sources */,
				3C4EB71C2C2F3F09000B7F6A /* Color+isDark.swift in Sources */,
				3C4EB7092C2BF1D9000B7F6A /* Date+Formatting.swift in Sources */,
				3CA19E812C367CE200A28319 /* TodoCalendarRepresentable.swift in Sources */,
				3CF661A02C2085CC00BD719F /* ContentView.swift in Sources */,
				3C4EB7232C2F96F7000B7F6A /* TodoColorPicker.swift in Sources */,
				3CD082EC2C41C516002892A4 /* URLSession+DataTask.swift in Sources */,
				3C9A2B912C2B3012007CD7F8 /* TodoItem+Cacheable.swift in Sources */,
				3CA19E8A2C36C64900A28319 /* Date+StartOfDay.swift in Sources */,
				3CA19EBB2C388FB200A28319 /* CategoryPicker.swift in Sources */,
				3C9A2B9B2C2B4240007CD7F8 /* TodoRow.swift in Sources */,
				3CA19E832C3692E500A28319 /* MockData.swift in Sources */,
				3C92060E2C256878002A8272 /* TodoItem.swift in Sources */,
				3C9A2B992C2B4235007CD7F8 /* TodoList.swift in Sources */,
				3C4EB70B2C2C064A000B7F6A /* TodoEditViewModel.swift in Sources */,
				3CA19E7F2C367BF800A28319 /* TodoCalendarViewController.swift in Sources */,
				3C4EB70D2C2EC1A3000B7F6A /* Color+HexString.swift in Sources */,
				3CF6619E2C2085CC00BD719F /* YaToDoApp.swift in Sources */,
				3C07D66E2C3D7FE600AF3E3E /* NavBarModifier.swift in Sources */,
				3C9A2BA12C2B42CC007CD7F8 /* TodoEdit.swift in Sources */,
				3C9A2B972C2B3EC8007CD7F8 /* ModelData.swift in Sources */,
				3CA19EBE2C389E5C00A28319 /* TodoItemCell.swift in Sources */,
			);
			runOnlyForDeploymentPostprocessing = 0;
		};
/* End PBXSourcesBuildPhase section */

/* Begin PBXTargetDependency section */
		3C92061F2C25ECC0002A8272 /* PBXTargetDependency */ = {
			isa = PBXTargetDependency;
			target = 3CF661992C2085CC00BD719F /* YaToDo */;
			targetProxy = 3C92061E2C25ECC0002A8272 /* PBXContainerItemProxy */;
		};
/* End PBXTargetDependency section */

/* Begin XCBuildConfiguration section */
		3C9206212C25ECC0002A8272 /* Debug */ = {
			isa = XCBuildConfiguration;
			baseConfigurationReference = 6A08ED76714CD428B9391C06 /* Pods-YaToDoTests.debug.xcconfig */;
			buildSettings = {
				BUNDLE_LOADER = "$(TEST_HOST)";
				CODE_SIGN_STYLE = Automatic;
				CURRENT_PROJECT_VERSION = 1;
				DEVELOPMENT_TEAM = 4766WZNPKP;
				GENERATE_INFOPLIST_FILE = YES;
				IPHONEOS_DEPLOYMENT_TARGET = 17.0;
				MARKETING_VERSION = 1.0;
				PRODUCT_BUNDLE_IDENTIFIER = com.danilmasnaviev.YaToDoTests;
				PRODUCT_NAME = "$(TARGET_NAME)";
				SWIFT_EMIT_LOC_STRINGS = NO;
				SWIFT_VERSION = 5.0;
				TARGETED_DEVICE_FAMILY = "1,2";
				TEST_HOST = "$(BUILT_PRODUCTS_DIR)/YaToDo.app/$(BUNDLE_EXECUTABLE_FOLDER_PATH)/YaToDo";
			};
			name = Debug;
		};
		3C9206222C25ECC0002A8272 /* Release */ = {
			isa = XCBuildConfiguration;
			baseConfigurationReference = 7154826028DFF37AC3C287BC /* Pods-YaToDoTests.release.xcconfig */;
			buildSettings = {
				BUNDLE_LOADER = "$(TEST_HOST)";
				CODE_SIGN_STYLE = Automatic;
				CURRENT_PROJECT_VERSION = 1;
				DEVELOPMENT_TEAM = 4766WZNPKP;
				GENERATE_INFOPLIST_FILE = YES;
				IPHONEOS_DEPLOYMENT_TARGET = 17.0;
				MARKETING_VERSION = 1.0;
				PRODUCT_BUNDLE_IDENTIFIER = com.danilmasnaviev.YaToDoTests;
				PRODUCT_NAME = "$(TARGET_NAME)";
				SWIFT_EMIT_LOC_STRINGS = NO;
				SWIFT_VERSION = 5.0;
				TARGETED_DEVICE_FAMILY = "1,2";
				TEST_HOST = "$(BUILT_PRODUCTS_DIR)/YaToDo.app/$(BUNDLE_EXECUTABLE_FOLDER_PATH)/YaToDo";
			};
			name = Release;
		};
		3CF661A62C2085CE00BD719F /* Debug */ = {
			isa = XCBuildConfiguration;
			buildSettings = {
				ALWAYS_SEARCH_USER_PATHS = NO;
				ASSETCATALOG_COMPILER_GENERATE_SWIFT_ASSET_SYMBOL_EXTENSIONS = YES;
				CLANG_ANALYZER_NONNULL = YES;
				CLANG_ANALYZER_NUMBER_OBJECT_CONVERSION = YES_AGGRESSIVE;
				CLANG_CXX_LANGUAGE_STANDARD = "gnu++20";
				CLANG_ENABLE_MODULES = YES;
				CLANG_ENABLE_OBJC_ARC = YES;
				CLANG_ENABLE_OBJC_WEAK = YES;
				CLANG_WARN_BLOCK_CAPTURE_AUTORELEASING = YES;
				CLANG_WARN_BOOL_CONVERSION = YES;
				CLANG_WARN_COMMA = YES;
				CLANG_WARN_CONSTANT_CONVERSION = YES;
				CLANG_WARN_DEPRECATED_OBJC_IMPLEMENTATIONS = YES;
				CLANG_WARN_DIRECT_OBJC_ISA_USAGE = YES_ERROR;
				CLANG_WARN_DOCUMENTATION_COMMENTS = YES;
				CLANG_WARN_EMPTY_BODY = YES;
				CLANG_WARN_ENUM_CONVERSION = YES;
				CLANG_WARN_INFINITE_RECURSION = YES;
				CLANG_WARN_INT_CONVERSION = YES;
				CLANG_WARN_NON_LITERAL_NULL_CONVERSION = YES;
				CLANG_WARN_OBJC_IMPLICIT_RETAIN_SELF = YES;
				CLANG_WARN_OBJC_LITERAL_CONVERSION = YES;
				CLANG_WARN_OBJC_ROOT_CLASS = YES_ERROR;
				CLANG_WARN_QUOTED_INCLUDE_IN_FRAMEWORK_HEADER = YES;
				CLANG_WARN_RANGE_LOOP_ANALYSIS = YES;
				CLANG_WARN_STRICT_PROTOTYPES = YES;
				CLANG_WARN_SUSPICIOUS_MOVE = YES;
				CLANG_WARN_UNGUARDED_AVAILABILITY = YES_AGGRESSIVE;
				CLANG_WARN_UNREACHABLE_CODE = YES;
				CLANG_WARN__DUPLICATE_METHOD_MATCH = YES;
				COPY_PHASE_STRIP = NO;
				DEBUG_INFORMATION_FORMAT = dwarf;
				ENABLE_STRICT_OBJC_MSGSEND = YES;
				ENABLE_TESTABILITY = YES;
				ENABLE_USER_SCRIPT_SANDBOXING = NO;
				GCC_C_LANGUAGE_STANDARD = gnu17;
				GCC_DYNAMIC_NO_PIC = NO;
				GCC_NO_COMMON_BLOCKS = YES;
				GCC_OPTIMIZATION_LEVEL = 0;
				GCC_PREPROCESSOR_DEFINITIONS = (
					"DEBUG=1",
					"$(inherited)",
				);
				GCC_WARN_64_TO_32_BIT_CONVERSION = YES;
				GCC_WARN_ABOUT_RETURN_TYPE = YES_ERROR;
				GCC_WARN_UNDECLARED_SELECTOR = YES;
				GCC_WARN_UNINITIALIZED_AUTOS = YES_AGGRESSIVE;
				GCC_WARN_UNUSED_FUNCTION = YES;
				GCC_WARN_UNUSED_VARIABLE = YES;
				IPHONEOS_DEPLOYMENT_TARGET = 17.0;
				LOCALIZATION_PREFERS_STRING_CATALOGS = YES;
				MTL_ENABLE_DEBUG_INFO = INCLUDE_SOURCE;
				MTL_FAST_MATH = YES;
				ONLY_ACTIVE_ARCH = YES;
				SDKROOT = iphoneos;
				SWIFT_ACTIVE_COMPILATION_CONDITIONS = "DEBUG $(inherited)";
				SWIFT_OPTIMIZATION_LEVEL = "-Onone";
			};
			name = Debug;
		};
		3CF661A72C2085CE00BD719F /* Release */ = {
			isa = XCBuildConfiguration;
			buildSettings = {
				ALWAYS_SEARCH_USER_PATHS = NO;
				ASSETCATALOG_COMPILER_GENERATE_SWIFT_ASSET_SYMBOL_EXTENSIONS = YES;
				CLANG_ANALYZER_NONNULL = YES;
				CLANG_ANALYZER_NUMBER_OBJECT_CONVERSION = YES_AGGRESSIVE;
				CLANG_CXX_LANGUAGE_STANDARD = "gnu++20";
				CLANG_ENABLE_MODULES = YES;
				CLANG_ENABLE_OBJC_ARC = YES;
				CLANG_ENABLE_OBJC_WEAK = YES;
				CLANG_WARN_BLOCK_CAPTURE_AUTORELEASING = YES;
				CLANG_WARN_BOOL_CONVERSION = YES;
				CLANG_WARN_COMMA = YES;
				CLANG_WARN_CONSTANT_CONVERSION = YES;
				CLANG_WARN_DEPRECATED_OBJC_IMPLEMENTATIONS = YES;
				CLANG_WARN_DIRECT_OBJC_ISA_USAGE = YES_ERROR;
				CLANG_WARN_DOCUMENTATION_COMMENTS = YES;
				CLANG_WARN_EMPTY_BODY = YES;
				CLANG_WARN_ENUM_CONVERSION = YES;
				CLANG_WARN_INFINITE_RECURSION = YES;
				CLANG_WARN_INT_CONVERSION = YES;
				CLANG_WARN_NON_LITERAL_NULL_CONVERSION = YES;
				CLANG_WARN_OBJC_IMPLICIT_RETAIN_SELF = YES;
				CLANG_WARN_OBJC_LITERAL_CONVERSION = YES;
				CLANG_WARN_OBJC_ROOT_CLASS = YES_ERROR;
				CLANG_WARN_QUOTED_INCLUDE_IN_FRAMEWORK_HEADER = YES;
				CLANG_WARN_RANGE_LOOP_ANALYSIS = YES;
				CLANG_WARN_STRICT_PROTOTYPES = YES;
				CLANG_WARN_SUSPICIOUS_MOVE = YES;
				CLANG_WARN_UNGUARDED_AVAILABILITY = YES_AGGRESSIVE;
				CLANG_WARN_UNREACHABLE_CODE = YES;
				CLANG_WARN__DUPLICATE_METHOD_MATCH = YES;
				COPY_PHASE_STRIP = NO;
				DEBUG_INFORMATION_FORMAT = "dwarf-with-dsym";
				ENABLE_NS_ASSERTIONS = NO;
				ENABLE_STRICT_OBJC_MSGSEND = YES;
				ENABLE_USER_SCRIPT_SANDBOXING = NO;
				GCC_C_LANGUAGE_STANDARD = gnu17;
				GCC_NO_COMMON_BLOCKS = YES;
				GCC_WARN_64_TO_32_BIT_CONVERSION = YES;
				GCC_WARN_ABOUT_RETURN_TYPE = YES_ERROR;
				GCC_WARN_UNDECLARED_SELECTOR = YES;
				GCC_WARN_UNINITIALIZED_AUTOS = YES_AGGRESSIVE;
				GCC_WARN_UNUSED_FUNCTION = YES;
				GCC_WARN_UNUSED_VARIABLE = YES;
				IPHONEOS_DEPLOYMENT_TARGET = 17.0;
				LOCALIZATION_PREFERS_STRING_CATALOGS = YES;
				MTL_ENABLE_DEBUG_INFO = NO;
				MTL_FAST_MATH = YES;
				SDKROOT = iphoneos;
				SWIFT_COMPILATION_MODE = wholemodule;
				VALIDATE_PRODUCT = YES;
			};
			name = Release;
		};
		3CF661A92C2085CE00BD719F /* Debug */ = {
			isa = XCBuildConfiguration;
			baseConfigurationReference = 0C9E025007B384B476981A3B /* Pods-YaToDo.debug.xcconfig */;
			buildSettings = {
				ASSETCATALOG_COMPILER_APPICON_NAME = AppIcon;
				ASSETCATALOG_COMPILER_GLOBAL_ACCENT_COLOR_NAME = AccentColor;
				CODE_SIGN_STYLE = Automatic;
				CURRENT_PROJECT_VERSION = 1;
				DEVELOPMENT_ASSET_PATHS = "\"YaToDo/Preview Content\"";
				DEVELOPMENT_TEAM = 4766WZNPKP;
				ENABLE_PREVIEWS = YES;
				GENERATE_INFOPLIST_FILE = YES;
				INFOPLIST_KEY_UIApplicationSceneManifest_Generation = YES;
				INFOPLIST_KEY_UIApplicationSupportsIndirectInputEvents = YES;
				INFOPLIST_KEY_UILaunchScreen_Generation = YES;
				INFOPLIST_KEY_UISupportedInterfaceOrientations_iPad = "UIInterfaceOrientationPortrait UIInterfaceOrientationPortraitUpsideDown UIInterfaceOrientationLandscapeLeft UIInterfaceOrientationLandscapeRight";
				INFOPLIST_KEY_UISupportedInterfaceOrientations_iPhone = "UIInterfaceOrientationPortrait UIInterfaceOrientationLandscapeLeft UIInterfaceOrientationLandscapeRight";
				IPHONEOS_DEPLOYMENT_TARGET = 17.0;
				LD_RUNPATH_SEARCH_PATHS = (
					"$(inherited)",
					"@executable_path/Frameworks",
				);
				MARKETING_VERSION = 1.0;
				PRODUCT_BUNDLE_IDENTIFIER = com.danilmasnaviev.YaToDo;
				PRODUCT_NAME = "$(TARGET_NAME)";
				SWIFT_EMIT_LOC_STRINGS = YES;
				SWIFT_STRICT_CONCURRENCY = complete;
				SWIFT_VERSION = 5.0;
				TARGETED_DEVICE_FAMILY = "1,2";
			};
			name = Debug;
		};
		3CF661AA2C2085CE00BD719F /* Release */ = {
			isa = XCBuildConfiguration;
			baseConfigurationReference = 65E54F73C3FE2DE461F92979 /* Pods-YaToDo.release.xcconfig */;
			buildSettings = {
				ASSETCATALOG_COMPILER_APPICON_NAME = AppIcon;
				ASSETCATALOG_COMPILER_GLOBAL_ACCENT_COLOR_NAME = AccentColor;
				CODE_SIGN_STYLE = Automatic;
				CURRENT_PROJECT_VERSION = 1;
				DEVELOPMENT_ASSET_PATHS = "\"YaToDo/Preview Content\"";
				DEVELOPMENT_TEAM = 4766WZNPKP;
				ENABLE_PREVIEWS = YES;
				GENERATE_INFOPLIST_FILE = YES;
				INFOPLIST_KEY_UIApplicationSceneManifest_Generation = YES;
				INFOPLIST_KEY_UIApplicationSupportsIndirectInputEvents = YES;
				INFOPLIST_KEY_UILaunchScreen_Generation = YES;
				INFOPLIST_KEY_UISupportedInterfaceOrientations_iPad = "UIInterfaceOrientationPortrait UIInterfaceOrientationPortraitUpsideDown UIInterfaceOrientationLandscapeLeft UIInterfaceOrientationLandscapeRight";
				INFOPLIST_KEY_UISupportedInterfaceOrientations_iPhone = "UIInterfaceOrientationPortrait UIInterfaceOrientationLandscapeLeft UIInterfaceOrientationLandscapeRight";
				IPHONEOS_DEPLOYMENT_TARGET = 17.0;
				LD_RUNPATH_SEARCH_PATHS = (
					"$(inherited)",
					"@executable_path/Frameworks",
				);
				MARKETING_VERSION = 1.0;
				PRODUCT_BUNDLE_IDENTIFIER = com.danilmasnaviev.YaToDo;
				PRODUCT_NAME = "$(TARGET_NAME)";
				SWIFT_EMIT_LOC_STRINGS = YES;
				SWIFT_STRICT_CONCURRENCY = complete;
				SWIFT_VERSION = 5.0;
				TARGETED_DEVICE_FAMILY = "1,2";
			};
			name = Release;
		};
/* End XCBuildConfiguration section */

/* Begin XCConfigurationList section */
		3C9206202C25ECC0002A8272 /* Build configuration list for PBXNativeTarget "YaToDoTests" */ = {
			isa = XCConfigurationList;
			buildConfigurations = (
				3C9206212C25ECC0002A8272 /* Debug */,
				3C9206222C25ECC0002A8272 /* Release */,
			);
			defaultConfigurationIsVisible = 0;
			defaultConfigurationName = Release;
		};
		3CF661952C2085CC00BD719F /* Build configuration list for PBXProject "YaToDo" */ = {
			isa = XCConfigurationList;
			buildConfigurations = (
				3CF661A62C2085CE00BD719F /* Debug */,
				3CF661A72C2085CE00BD719F /* Release */,
			);
			defaultConfigurationIsVisible = 0;
			defaultConfigurationName = Release;
		};
		3CF661A82C2085CE00BD719F /* Build configuration list for PBXNativeTarget "YaToDo" */ = {
			isa = XCConfigurationList;
			buildConfigurations = (
				3CF661A92C2085CE00BD719F /* Debug */,
				3CF661AA2C2085CE00BD719F /* Release */,
			);
			defaultConfigurationIsVisible = 0;
			defaultConfigurationName = Release;
		};
/* End XCConfigurationList section */

/* Begin XCRemoteSwiftPackageReference section */
		3C6829692C4005E100B9BA05 /* XCRemoteSwiftPackageReference "CocoaLumberjack" */ = {
			isa = XCRemoteSwiftPackageReference;
			repositoryURL = "https://github.com/CocoaLumberjack/CocoaLumberjack";
			requirement = {
				kind = upToNextMajorVersion;
				minimumVersion = 3.8.5;
			};
		};
/* End XCRemoteSwiftPackageReference section */

/* Begin XCSwiftPackageProductDependency section */
		3C68296A2C4005E100B9BA05 /* CocoaLumberjackSwift */ = {
			isa = XCSwiftPackageProductDependency;
			package = 3C6829692C4005E100B9BA05 /* XCRemoteSwiftPackageReference "CocoaLumberjack" */;
			productName = CocoaLumberjackSwift;
		};
		3C68296C2C4007C200B9BA05 /* CocoaLumberjack */ = {
			isa = XCSwiftPackageProductDependency;
			package = 3C6829692C4005E100B9BA05 /* XCRemoteSwiftPackageReference "CocoaLumberjack" */;
			productName = CocoaLumberjack;
		};
		3C732B4D2C41240800EBC4DA /* FileCache */ = {
			isa = XCSwiftPackageProductDependency;
			productName = FileCache;
		};
/* End XCSwiftPackageProductDependency section */
	};
	rootObject = 3CF661922C2085CC00BD719F /* Project object */;
}
