// !$*UTF8*$!
{
	archiveVersion = 1;
	classes = {
	};
	objectVersion = 56;
	objects = {

/* Begin PBXBuildFile section */
		3C92060E2C256878002A8272 /* TodoItem.swift in Sources */ = {isa = PBXBuildFile; fileRef = 3C92060D2C256878002A8272 /* TodoItem.swift */; };
		3C9206122C256895002A8272 /* FileCache.swift in Sources */ = {isa = PBXBuildFile; fileRef = 3C9206112C256895002A8272 /* FileCache.swift */; };
		3C92061D2C25ECC0002A8272 /* YaToDoTests.swift in Sources */ = {isa = PBXBuildFile; fileRef = 3C92061C2C25ECC0002A8272 /* YaToDoTests.swift */; };
		3C9206242C25ECE2002A8272 /* TodoItemTests.swift in Sources */ = {isa = PBXBuildFile; fileRef = 3C9206232C25ECE2002A8272 /* TodoItemTests.swift */; };
		3CF6619E2C2085CC00BD719F /* YaToDoApp.swift in Sources */ = {isa = PBXBuildFile; fileRef = 3CF6619D2C2085CC00BD719F /* YaToDoApp.swift */; };
		3CF661A02C2085CC00BD719F /* ContentView.swift in Sources */ = {isa = PBXBuildFile; fileRef = 3CF6619F2C2085CC00BD719F /* ContentView.swift */; };
		3CF661A22C2085CE00BD719F /* Assets.xcassets in Resources */ = {isa = PBXBuildFile; fileRef = 3CF661A12C2085CE00BD719F /* Assets.xcassets */; };
		3CF661A52C2085CE00BD719F /* Preview Assets.xcassets in Resources */ = {isa = PBXBuildFile; fileRef = 3CF661A42C2085CE00BD719F /* Preview Assets.xcassets */; };
/* End PBXBuildFile section */

/* Begin PBXContainerItemProxy section */
		3C92061E2C25ECC0002A8272 /* PBXContainerItemProxy */ = {
			isa = PBXContainerItemProxy;
			containerPortal = 3CF661922C2085CC00BD719F /* Project object */;
			proxyType = 1;
			remoteGlobalIDString = 3CF661992C2085CC00BD719F;
			remoteInfo = YaToDo;
		};
/* End PBXContainerItemProxy section */

/* Begin PBXFileReference section */
		3C92060D2C256878002A8272 /* TodoItem.swift */ = {isa = PBXFileReference; lastKnownFileType = sourcecode.swift; path = TodoItem.swift; sourceTree = "<group>"; };
		3C9206112C256895002A8272 /* FileCache.swift */ = {isa = PBXFileReference; lastKnownFileType = sourcecode.swift; path = FileCache.swift; sourceTree = "<group>"; };
		3C92061A2C25ECC0002A8272 /* YaToDoTests.xctest */ = {isa = PBXFileReference; explicitFileType = wrapper.cfbundle; includeInIndex = 0; path = YaToDoTests.xctest; sourceTree = BUILT_PRODUCTS_DIR; };
		3C92061C2C25ECC0002A8272 /* YaToDoTests.swift */ = {isa = PBXFileReference; lastKnownFileType = sourcecode.swift; path = YaToDoTests.swift; sourceTree = "<group>"; };
		3C9206232C25ECE2002A8272 /* TodoItemTests.swift */ = {isa = PBXFileReference; lastKnownFileType = sourcecode.swift; path = TodoItemTests.swift; sourceTree = "<group>"; };
		3CF6619A2C2085CC00BD719F /* YaToDo.app */ = {isa = PBXFileReference; explicitFileType = wrapper.application; includeInIndex = 0; path = YaToDo.app; sourceTree = BUILT_PRODUCTS_DIR; };
		3CF6619D2C2085CC00BD719F /* YaToDoApp.swift */ = {isa = PBXFileReference; lastKnownFileType = sourcecode.swift; path = YaToDoApp.swift; sourceTree = "<group>"; };
		3CF6619F2C2085CC00BD719F /* ContentView.swift */ = {isa = PBXFileReference; lastKnownFileType = sourcecode.swift; path = ContentView.swift; sourceTree = "<group>"; };
		3CF661A12C2085CE00BD719F /* Assets.xcassets */ = {isa = PBXFileReference; lastKnownFileType = folder.assetcatalog; path = Assets.xcassets; sourceTree = "<group>"; };
		3CF661A42C2085CE00BD719F /* Preview Assets.xcassets */ = {isa = PBXFileReference; lastKnownFileType = folder.assetcatalog; path = "Preview Assets.xcassets"; sourceTree = "<group>"; };
/* End PBXFileReference section */

/* Begin PBXFrameworksBuildPhase section */
		3C9206172C25ECC0002A8272 /* Frameworks */ = {
			isa = PBXFrameworksBuildPhase;
			buildActionMask = 2147483647;
			files = (
			);
			runOnlyForDeploymentPostprocessing = 0;
		};
		3CF661972C2085CC00BD719F /* Frameworks */ = {
			isa = PBXFrameworksBuildPhase;
			buildActionMask = 2147483647;
			files = (
			);
			runOnlyForDeploymentPostprocessing = 0;
		};
/* End PBXFrameworksBuildPhase section */

/* Begin PBXGroup section */
		3C92061B2C25ECC0002A8272 /* YaToDoTests */ = {
			isa = PBXGroup;
			children = (
				3C92061C2C25ECC0002A8272 /* YaToDoTests.swift */,
				3C9206232C25ECE2002A8272 /* TodoItemTests.swift */,
			);
			path = YaToDoTests;
			sourceTree = "<group>";
		};
		3CF661912C2085CC00BD719F = {
			isa = PBXGroup;
			children = (
				3CF6619C2C2085CC00BD719F /* YaToDo */,
				3C92061B2C25ECC0002A8272 /* YaToDoTests */,
				3CF6619B2C2085CC00BD719F /* Products */,
			);
			sourceTree = "<group>";
		};
		3CF6619B2C2085CC00BD719F /* Products */ = {
			isa = PBXGroup;
			children = (
				3CF6619A2C2085CC00BD719F /* YaToDo.app */,
				3C92061A2C25ECC0002A8272 /* YaToDoTests.xctest */,
			);
			name = Products;
			sourceTree = "<group>";
		};
		3CF6619C2C2085CC00BD719F /* YaToDo */ = {
			isa = PBXGroup;
			children = (
				3CF6619D2C2085CC00BD719F /* YaToDoApp.swift */,
				3CF6619F2C2085CC00BD719F /* ContentView.swift */,
				3C92060D2C256878002A8272 /* TodoItem.swift */,
				3C9206112C256895002A8272 /* FileCache.swift */,
				3CF661A12C2085CE00BD719F /* Assets.xcassets */,
				3CF661A32C2085CE00BD719F /* Preview Content */,
			);
			path = YaToDo;
			sourceTree = "<group>";
		};
		3CF661A32C2085CE00BD719F /* Preview Content */ = {
			isa = PBXGroup;
			children = (
				3CF661A42C2085CE00BD719F /* Preview Assets.xcassets */,
			);
			path = "Preview Content";
			sourceTree = "<group>";
		};
/* End PBXGroup section */

/* Begin PBXNativeTarget section */
		3C9206192C25ECC0002A8272 /* YaToDoTests */ = {
			isa = PBXNativeTarget;
			buildConfigurationList = 3C9206202C25ECC0002A8272 /* Build configuration list for PBXNativeTarget "YaToDoTests" */;
			buildPhases = (
				3C9206162C25ECC0002A8272 /* Sources */,
				3C9206172C25ECC0002A8272 /* Frameworks */,
				3C9206182C25ECC0002A8272 /* Resources */,
			);
			buildRules = (
			);
			dependencies = (
				3C92061F2C25ECC0002A8272 /* PBXTargetDependency */,
			);
			name = YaToDoTests;
			productName = YaToDoTests;
			productReference = 3C92061A2C25ECC0002A8272 /* YaToDoTests.xctest */;
			productType = "com.apple.product-type.bundle.unit-test";
		};
		3CF661992C2085CC00BD719F /* YaToDo */ = {
			isa = PBXNativeTarget;
			buildConfigurationList = 3CF661A82C2085CE00BD719F /* Build configuration list for PBXNativeTarget "YaToDo" */;
			buildPhases = (
				3CF661962C2085CC00BD719F /* Sources */,
				3CF661972C2085CC00BD719F /* Frameworks */,
				3CF661982C2085CC00BD719F /* Resources */,
			);
			buildRules = (
			);
			dependencies = (
			);
			name = YaToDo;
			productName = YaToDo;
			productReference = 3CF6619A2C2085CC00BD719F /* YaToDo.app */;
			productType = "com.apple.product-type.application";
		};
/* End PBXNativeTarget section */

/* Begin PBXProject section */
		3CF661922C2085CC00BD719F /* Project object */ = {
			isa = PBXProject;
			attributes = {
				BuildIndependentTargetsInParallel = 1;
				LastSwiftUpdateCheck = 1520;
				LastUpgradeCheck = 1520;
				TargetAttributes = {
					3C9206192C25ECC0002A8272 = {
						CreatedOnToolsVersion = 15.2;
						TestTargetID = 3CF661992C2085CC00BD719F;
					};
					3CF661992C2085CC00BD719F = {
						CreatedOnToolsVersion = 15.2;
					};
				};
			};
			buildConfigurationList = 3CF661952C2085CC00BD719F /* Build configuration list for PBXProject "YaToDo" */;
			compatibilityVersion = "Xcode 14.0";
			developmentRegion = en;
			hasScannedForEncodings = 0;
			knownRegions = (
				en,
				Base,
			);
			mainGroup = 3CF661912C2085CC00BD719F;
			productRefGroup = 3CF6619B2C2085CC00BD719F /* Products */;
			projectDirPath = "";
			projectRoot = "";
			targets = (
				3CF661992C2085CC00BD719F /* YaToDo */,
				3C9206192C25ECC0002A8272 /* YaToDoTests */,
			);
		};
/* End PBXProject section */

/* Begin PBXResourcesBuildPhase section */
		3C9206182C25ECC0002A8272 /* Resources */ = {
			isa = PBXResourcesBuildPhase;
			buildActionMask = 2147483647;
			files = (
			);
			runOnlyForDeploymentPostprocessing = 0;
		};
		3CF661982C2085CC00BD719F /* Resources */ = {
			isa = PBXResourcesBuildPhase;
			buildActionMask = 2147483647;
			files = (
				3CF661A52C2085CE00BD719F /* Preview Assets.xcassets in Resources */,
				3CF661A22C2085CE00BD719F /* Assets.xcassets in Resources */,
			);
			runOnlyForDeploymentPostprocessing = 0;
		};
/* End PBXResourcesBuildPhase section */

/* Begin PBXSourcesBuildPhase section */
		3C9206162C25ECC0002A8272 /* Sources */ = {
			isa = PBXSourcesBuildPhase;
			buildActionMask = 2147483647;
			files = (
				3C9206242C25ECE2002A8272 /* TodoItemTests.swift in Sources */,
				3C92061D2C25ECC0002A8272 /* YaToDoTests.swift in Sources */,
			);
			runOnlyForDeploymentPostprocessing = 0;
		};
		3CF661962C2085CC00BD719F /* Sources */ = {
			isa = PBXSourcesBuildPhase;
			buildActionMask = 2147483647;
			files = (
				3CF661A02C2085CC00BD719F /* ContentView.swift in Sources */,
				3C92060E2C256878002A8272 /* TodoItem.swift in Sources */,
				3C9206122C256895002A8272 /* FileCache.swift in Sources */,
				3CF6619E2C2085CC00BD719F /* YaToDoApp.swift in Sources */,
			);
			runOnlyForDeploymentPostprocessing = 0;
		};
/* End PBXSourcesBuildPhase section */

/* Begin PBXTargetDependency section */
		3C92061F2C25ECC0002A8272 /* PBXTargetDependency */ = {
			isa = PBXTargetDependency;
			target = 3CF661992C2085CC00BD719F /* YaToDo */;
			targetProxy = 3C92061E2C25ECC0002A8272 /* PBXContainerItemProxy */;
		};
/* End PBXTargetDependency section */

/* Begin XCBuildConfiguration section */
		3C9206212C25ECC0002A8272 /* Debug */ = {
			isa = XCBuildConfiguration;
			buildSettings = {
				BUNDLE_LOADER = "$(TEST_HOST)";
				CODE_SIGN_STYLE = Automatic;
				CURRENT_PROJECT_VERSION = 1;
				DEVELOPMENT_TEAM = 4766WZNPKP;
				GENERATE_INFOPLIST_FILE = YES;
				IPHONEOS_DEPLOYMENT_TARGET = 17.2;
				MARKETING_VERSION = 1.0;
				PRODUCT_BUNDLE_IDENTIFIER = com.danilmasnaviev.YaToDoTests;
				PRODUCT_NAME = "$(TARGET_NAME)";
				SWIFT_EMIT_LOC_STRINGS = NO;
				SWIFT_VERSION = 5.0;
				TARGETED_DEVICE_FAMILY = "1,2";
				TEST_HOST = "$(BUILT_PRODUCTS_DIR)/YaToDo.app/$(BUNDLE_EXECUTABLE_FOLDER_PATH)/YaToDo";
			};
			name = Debug;
		};
		3C9206222C25ECC0002A8272 /* Release */ = {
			isa = XCBuildConfiguration;
			buildSettings = {
				BUNDLE_LOADER = "$(TEST_HOST)";
				CODE_SIGN_STYLE = Automatic;
				CURRENT_PROJECT_VERSION = 1;
				DEVELOPMENT_TEAM = 4766WZNPKP;
				GENERATE_INFOPLIST_FILE = YES;
				IPHONEOS_DEPLOYMENT_TARGET = 17.2;
				MARKETING_VERSION = 1.0;
				PRODUCT_BUNDLE_IDENTIFIER = com.danilmasnaviev.YaToDoTests;
				PRODUCT_NAME = "$(TARGET_NAME)";
				SWIFT_EMIT_LOC_STRINGS = NO;
				SWIFT_VERSION = 5.0;
				TARGETED_DEVICE_FAMILY = "1,2";
				TEST_HOST = "$(BUILT_PRODUCTS_DIR)/YaToDo.app/$(BUNDLE_EXECUTABLE_FOLDER_PATH)/YaToDo";
			};
			name = Release;
		};
		3CF661A62C2085CE00BD719F /* Debug */ = {
			isa = XCBuildConfiguration;
			buildSettings = {
				ALWAYS_SEARCH_USER_PATHS = NO;
				ASSETCATALOG_COMPILER_GENERATE_SWIFT_ASSET_SYMBOL_EXTENSIONS = YES;
				CLANG_ANALYZER_NONNULL = YES;
				CLANG_ANALYZER_NUMBER_OBJECT_CONVERSION = YES_AGGRESSIVE;
				CLANG_CXX_LANGUAGE_STANDARD = "gnu++20";
				CLANG_ENABLE_MODULES = YES;
				CLANG_ENABLE_OBJC_ARC = YES;
				CLANG_ENABLE_OBJC_WEAK = YES;
				CLANG_WARN_BLOCK_CAPTURE_AUTORELEASING = YES;
				CLANG_WARN_BOOL_CONVERSION = YES;
				CLANG_WARN_COMMA = YES;
				CLANG_WARN_CONSTANT_CONVERSION = YES;
				CLANG_WARN_DEPRECATED_OBJC_IMPLEMENTATIONS = YES;
				CLANG_WARN_DIRECT_OBJC_ISA_USAGE = YES_ERROR;
				CLANG_WARN_DOCUMENTATION_COMMENTS = YES;
				CLANG_WARN_EMPTY_BODY = YES;
				CLANG_WARN_ENUM_CONVERSION = YES;
				CLANG_WARN_INFINITE_RECURSION = YES;
				CLANG_WARN_INT_CONVERSION = YES;
				CLANG_WARN_NON_LITERAL_NULL_CONVERSION = YES;
				CLANG_WARN_OBJC_IMPLICIT_RETAIN_SELF = YES;
				CLANG_WARN_OBJC_LITERAL_CONVERSION = YES;
				CLANG_WARN_OBJC_ROOT_CLASS = YES_ERROR;
				CLANG_WARN_QUOTED_INCLUDE_IN_FRAMEWORK_HEADER = YES;
				CLANG_WARN_RANGE_LOOP_ANALYSIS = YES;
				CLANG_WARN_STRICT_PROTOTYPES = YES;
				CLANG_WARN_SUSPICIOUS_MOVE = YES;
				CLANG_WARN_UNGUARDED_AVAILABILITY = YES_AGGRESSIVE;
				CLANG_WARN_UNREACHABLE_CODE = YES;
				CLANG_WARN__DUPLICATE_METHOD_MATCH = YES;
				COPY_PHASE_STRIP = NO;
				DEBUG_INFORMATION_FORMAT = dwarf;
				ENABLE_STRICT_OBJC_MSGSEND = YES;
				ENABLE_TESTABILITY = YES;
				ENABLE_USER_SCRIPT_SANDBOXING = YES;
				GCC_C_LANGUAGE_STANDARD = gnu17;
				GCC_DYNAMIC_NO_PIC = NO;
				GCC_NO_COMMON_BLOCKS = YES;
				GCC_OPTIMIZATION_LEVEL = 0;
				GCC_PREPROCESSOR_DEFINITIONS = (
					"DEBUG=1",
					"$(inherited)",
				);
				GCC_WARN_64_TO_32_BIT_CONVERSION = YES;
				GCC_WARN_ABOUT_RETURN_TYPE = YES_ERROR;
				GCC_WARN_UNDECLARED_SELECTOR = YES;
				GCC_WARN_UNINITIALIZED_AUTOS = YES_AGGRESSIVE;
				GCC_WARN_UNUSED_FUNCTION = YES;
				GCC_WARN_UNUSED_VARIABLE = YES;
				IPHONEOS_DEPLOYMENT_TARGET = 17.0;
				LOCALIZATION_PREFERS_STRING_CATALOGS = YES;
				MTL_ENABLE_DEBUG_INFO = INCLUDE_SOURCE;
				MTL_FAST_MATH = YES;
				ONLY_ACTIVE_ARCH = YES;
				SDKROOT = iphoneos;
				SWIFT_ACTIVE_COMPILATION_CONDITIONS = "DEBUG $(inherited)";
				SWIFT_OPTIMIZATION_LEVEL = "-Onone";
			};
			name = Debug;
		};
		3CF661A72C2085CE00BD719F /* Release */ = {
			isa = XCBuildConfiguration;
			buildSettings = {
				ALWAYS_SEARCH_USER_PATHS = NO;
				ASSETCATALOG_COMPILER_GENERATE_SWIFT_ASSET_SYMBOL_EXTENSIONS = YES;
				CLANG_ANALYZER_NONNULL = YES;
				CLANG_ANALYZER_NUMBER_OBJECT_CONVERSION = YES_AGGRESSIVE;
				CLANG_CXX_LANGUAGE_STANDARD = "gnu++20";
				CLANG_ENABLE_MODULES = YES;
				CLANG_ENABLE_OBJC_ARC = YES;
				CLANG_ENABLE_OBJC_WEAK = YES;
				CLANG_WARN_BLOCK_CAPTURE_AUTORELEASING = YES;
				CLANG_WARN_BOOL_CONVERSION = YES;
				CLANG_WARN_COMMA = YES;
				CLANG_WARN_CONSTANT_CONVERSION = YES;
				CLANG_WARN_DEPRECATED_OBJC_IMPLEMENTATIONS = YES;
				CLANG_WARN_DIRECT_OBJC_ISA_USAGE = YES_ERROR;
				CLANG_WARN_DOCUMENTATION_COMMENTS = YES;
				CLANG_WARN_EMPTY_BODY = YES;
				CLANG_WARN_ENUM_CONVERSION = YES;
				CLANG_WARN_INFINITE_RECURSION = YES;
				CLANG_WARN_INT_CONVERSION = YES;
				CLANG_WARN_NON_LITERAL_NULL_CONVERSION = YES;
				CLANG_WARN_OBJC_IMPLICIT_RETAIN_SELF = YES;
				CLANG_WARN_OBJC_LITERAL_CONVERSION = YES;
				CLANG_WARN_OBJC_ROOT_CLASS = YES_ERROR;
				CLANG_WARN_QUOTED_INCLUDE_IN_FRAMEWORK_HEADER = YES;
				CLANG_WARN_RANGE_LOOP_ANALYSIS = YES;
				CLANG_WARN_STRICT_PROTOTYPES = YES;
				CLANG_WARN_SUSPICIOUS_MOVE = YES;
				CLANG_WARN_UNGUARDED_AVAILABILITY = YES_AGGRESSIVE;
				CLANG_WARN_UNREACHABLE_CODE = YES;
				CLANG_WARN__DUPLICATE_METHOD_MATCH = YES;
				COPY_PHASE_STRIP = NO;
				DEBUG_INFORMATION_FORMAT = "dwarf-with-dsym";
				ENABLE_NS_ASSERTIONS = NO;
				ENABLE_STRICT_OBJC_MSGSEND = YES;
				ENABLE_USER_SCRIPT_SANDBOXING = YES;
				GCC_C_LANGUAGE_STANDARD = gnu17;
				GCC_NO_COMMON_BLOCKS = YES;
				GCC_WARN_64_TO_32_BIT_CONVERSION = YES;
				GCC_WARN_ABOUT_RETURN_TYPE = YES_ERROR;
				GCC_WARN_UNDECLARED_SELECTOR = YES;
				GCC_WARN_UNINITIALIZED_AUTOS = YES_AGGRESSIVE;
				GCC_WARN_UNUSED_FUNCTION = YES;
				GCC_WARN_UNUSED_VARIABLE = YES;
				IPHONEOS_DEPLOYMENT_TARGET = 17.0;
				LOCALIZATION_PREFERS_STRING_CATALOGS = YES;
				MTL_ENABLE_DEBUG_INFO = NO;
				MTL_FAST_MATH = YES;
				SDKROOT = iphoneos;
				SWIFT_COMPILATION_MODE = wholemodule;
				VALIDATE_PRODUCT = YES;
			};
			name = Release;
		};
		3CF661A92C2085CE00BD719F /* Debug */ = {
			isa = XCBuildConfiguration;
			buildSettings = {
				ASSETCATALOG_COMPILER_APPICON_NAME = AppIcon;
				ASSETCATALOG_COMPILER_GLOBAL_ACCENT_COLOR_NAME = AccentColor;
				CODE_SIGN_STYLE = Automatic;
				CURRENT_PROJECT_VERSION = 1;
				DEVELOPMENT_ASSET_PATHS = "\"YaToDo/Preview Content\"";
				DEVELOPMENT_TEAM = 4766WZNPKP;
				ENABLE_PREVIEWS = YES;
				GENERATE_INFOPLIST_FILE = YES;
				INFOPLIST_KEY_UIApplicationSceneManifest_Generation = YES;
				INFOPLIST_KEY_UIApplicationSupportsIndirectInputEvents = YES;
				INFOPLIST_KEY_UILaunchScreen_Generation = YES;
				INFOPLIST_KEY_UISupportedInterfaceOrientations_iPad = "UIInterfaceOrientationPortrait UIInterfaceOrientationPortraitUpsideDown UIInterfaceOrientationLandscapeLeft UIInterfaceOrientationLandscapeRight";
				INFOPLIST_KEY_UISupportedInterfaceOrientations_iPhone = "UIInterfaceOrientationPortrait UIInterfaceOrientationLandscapeLeft UIInterfaceOrientationLandscapeRight";
				IPHONEOS_DEPLOYMENT_TARGET = 17.0;
				LD_RUNPATH_SEARCH_PATHS = (
					"$(inherited)",
					"@executable_path/Frameworks",
				);
				MARKETING_VERSION = 1.0;
				PRODUCT_BUNDLE_IDENTIFIER = com.danilmasnaviev.YaToDo;
				PRODUCT_NAME = "$(TARGET_NAME)";
				SWIFT_EMIT_LOC_STRINGS = YES;
				SWIFT_VERSION = 5.0;
				TARGETED_DEVICE_FAMILY = "1,2";
			};
			name = Debug;
		};
		3CF661AA2C2085CE00BD719F /* Release */ = {
			isa = XCBuildConfiguration;
			buildSettings = {
				ASSETCATALOG_COMPILER_APPICON_NAME = AppIcon;
				ASSETCATALOG_COMPILER_GLOBAL_ACCENT_COLOR_NAME = AccentColor;
				CODE_SIGN_STYLE = Automatic;
				CURRENT_PROJECT_VERSION = 1;
				DEVELOPMENT_ASSET_PATHS = "\"YaToDo/Preview Content\"";
				DEVELOPMENT_TEAM = 4766WZNPKP;
				ENABLE_PREVIEWS = YES;
				GENERATE_INFOPLIST_FILE = YES;
				INFOPLIST_KEY_UIApplicationSceneManifest_Generation = YES;
				INFOPLIST_KEY_UIApplicationSupportsIndirectInputEvents = YES;
				INFOPLIST_KEY_UILaunchScreen_Generation = YES;
				INFOPLIST_KEY_UISupportedInterfaceOrientations_iPad = "UIInterfaceOrientationPortrait UIInterfaceOrientationPortraitUpsideDown UIInterfaceOrientationLandscapeLeft UIInterfaceOrientationLandscapeRight";
				INFOPLIST_KEY_UISupportedInterfaceOrientations_iPhone = "UIInterfaceOrientationPortrait UIInterfaceOrientationLandscapeLeft UIInterfaceOrientationLandscapeRight";
				IPHONEOS_DEPLOYMENT_TARGET = 17.0;
				LD_RUNPATH_SEARCH_PATHS = (
					"$(inherited)",
					"@executable_path/Frameworks",
				);
				MARKETING_VERSION = 1.0;
				PRODUCT_BUNDLE_IDENTIFIER = com.danilmasnaviev.YaToDo;
				PRODUCT_NAME = "$(TARGET_NAME)";
				SWIFT_EMIT_LOC_STRINGS = YES;
				SWIFT_VERSION = 5.0;
				TARGETED_DEVICE_FAMILY = "1,2";
			};
			name = Release;
		};
/* End XCBuildConfiguration section */

/* Begin XCConfigurationList section */
		3C9206202C25ECC0002A8272 /* Build configuration list for PBXNativeTarget "YaToDoTests" */ = {
			isa = XCConfigurationList;
			buildConfigurations = (
				3C9206212C25ECC0002A8272 /* Debug */,
				3C9206222C25ECC0002A8272 /* Release */,
			);
			defaultConfigurationIsVisible = 0;
			defaultConfigurationName = Release;
		};
		3CF661952C2085CC00BD719F /* Build configuration list for PBXProject "YaToDo" */ = {
			isa = XCConfigurationList;
			buildConfigurations = (
				3CF661A62C2085CE00BD719F /* Debug */,
				3CF661A72C2085CE00BD719F /* Release */,
			);
			defaultConfigurationIsVisible = 0;
			defaultConfigurationName = Release;
		};
		3CF661A82C2085CE00BD719F /* Build configuration list for PBXNativeTarget "YaToDo" */ = {
			isa = XCConfigurationList;
			buildConfigurations = (
				3CF661A92C2085CE00BD719F /* Debug */,
				3CF661AA2C2085CE00BD719F /* Release */,
			);
			defaultConfigurationIsVisible = 0;
			defaultConfigurationName = Release;
		};
/* End XCConfigurationList section */
	};
	rootObject = 3CF661922C2085CC00BD719F /* Project object */;
}
