// !$*UTF8*$!
{
	archiveVersion = 1;
	classes = {
	};
	objectVersion = 56;
	objects = {

/* Begin PBXBuildFile section */
		3C4EB7092C2BF1D9000B7F6A /* Date+Formatting.swift in Sources */ = {isa = PBXBuildFile; fileRef = 3C4EB7082C2BF1D9000B7F6A /* Date+Formatting.swift */; };
		3C4EB70B2C2C064A000B7F6A /* TodoEditViewModel.swift in Sources */ = {isa = PBXBuildFile; fileRef = 3C4EB70A2C2C064A000B7F6A /* TodoEditViewModel.swift */; };
		3C4EB70D2C2EC1A3000B7F6A /* Color+HexString.swift in Sources */ = {isa = PBXBuildFile; fileRef = 3C4EB70C2C2EC1A3000B7F6A /* Color+HexString.swift */; };
		3C4EB70F2C2EC642000B7F6A /* Color+Random.swift in Sources */ = {isa = PBXBuildFile; fileRef = 3C4EB70E2C2EC642000B7F6A /* Color+Random.swift */; };
		3C4EB7122C2ECBC8000B7F6A /* TodoColorPickerLabel.swift in Sources */ = {isa = PBXBuildFile; fileRef = 3C4EB7112C2ECBC8000B7F6A /* TodoColorPickerLabel.swift */; };
		3C4EB71C2C2F3F09000B7F6A /* Color+isDark.swift in Sources */ = {isa = PBXBuildFile; fileRef = 3C4EB71B2C2F3F09000B7F6A /* Color+isDark.swift */; };
		3C4EB7232C2F96F7000B7F6A /* TodoColorPicker.swift in Sources */ = {isa = PBXBuildFile; fileRef = 3C4EB7222C2F96F7000B7F6A /* TodoColorPicker.swift */; };
		3C92060E2C256878002A8272 /* TodoItem.swift in Sources */ = {isa = PBXBuildFile; fileRef = 3C92060D2C256878002A8272 /* TodoItem.swift */; };
		3C9206122C256895002A8272 /* FileCache.swift in Sources */ = {isa = PBXBuildFile; fileRef = 3C9206112C256895002A8272 /* FileCache.swift */; };
		3C9206242C25ECE2002A8272 /* TodoItemTests.swift in Sources */ = {isa = PBXBuildFile; fileRef = 3C9206232C25ECE2002A8272 /* TodoItemTests.swift */; };
		3C9A2B912C2B3012007CD7F8 /* TodoItem+JSON.swift in Sources */ = {isa = PBXBuildFile; fileRef = 3C9A2B902C2B3012007CD7F8 /* TodoItem+JSON.swift */; };
		3C9A2B932C2B301D007CD7F8 /* TodoItem+CSV.swift in Sources */ = {isa = PBXBuildFile; fileRef = 3C9A2B922C2B301D007CD7F8 /* TodoItem+CSV.swift */; };
		3C9A2B972C2B3EC8007CD7F8 /* ModelData.swift in Sources */ = {isa = PBXBuildFile; fileRef = 3C9A2B962C2B3EC8007CD7F8 /* ModelData.swift */; };
		3C9A2B992C2B4235007CD7F8 /* TodoList.swift in Sources */ = {isa = PBXBuildFile; fileRef = 3C9A2B982C2B4235007CD7F8 /* TodoList.swift */; };
		3C9A2B9B2C2B4240007CD7F8 /* TodoRow.swift in Sources */ = {isa = PBXBuildFile; fileRef = 3C9A2B9A2C2B4240007CD7F8 /* TodoRow.swift */; };
		3C9A2BA12C2B42CC007CD7F8 /* TodoEdit.swift in Sources */ = {isa = PBXBuildFile; fileRef = 3C9A2BA02C2B42CC007CD7F8 /* TodoEdit.swift */; };
		3C9A2BA52C2B4865007CD7F8 /* TodoItemJSONTests.swift in Sources */ = {isa = PBXBuildFile; fileRef = 3C9A2BA42C2B4865007CD7F8 /* TodoItemJSONTests.swift */; };
		3C9A2BA72C2B48AF007CD7F8 /* TodoItemCSVTests.swift in Sources */ = {isa = PBXBuildFile; fileRef = 3C9A2BA62C2B48AF007CD7F8 /* TodoItemCSVTests.swift */; };
		3CA19E7F2C367BF800A28319 /* TodoCalendarViewController.swift in Sources */ = {isa = PBXBuildFile; fileRef = 3CA19E7E2C367BF800A28319 /* TodoCalendarViewController.swift */; };
		3CA19E812C367CE200A28319 /* TodoCalendar.swift in Sources */ = {isa = PBXBuildFile; fileRef = 3CA19E802C367CE200A28319 /* TodoCalendar.swift */; };
		3CA19E832C3692E500A28319 /* MockData.swift in Sources */ = {isa = PBXBuildFile; fileRef = 3CA19E822C3692E500A28319 /* MockData.swift */; };
		3CA19E8A2C36C64900A28319 /* Date+StartOfDay.swift in Sources */ = {isa = PBXBuildFile; fileRef = 3CA19E892C36C64900A28319 /* Date+StartOfDay.swift */; };
		3CD370B72C284F40004B8107 /* .gitignore in Resources */ = {isa = PBXBuildFile; fileRef = 3CD370B62C284F40004B8107 /* .gitignore */; };
		3CF6619E2C2085CC00BD719F /* YaToDoApp.swift in Sources */ = {isa = PBXBuildFile; fileRef = 3CF6619D2C2085CC00BD719F /* YaToDoApp.swift */; };
		3CF661A02C2085CC00BD719F /* ContentView.swift in Sources */ = {isa = PBXBuildFile; fileRef = 3CF6619F2C2085CC00BD719F /* ContentView.swift */; };
		3CF661A22C2085CE00BD719F /* Assets.xcassets in Resources */ = {isa = PBXBuildFile; fileRef = 3CF661A12C2085CE00BD719F /* Assets.xcassets */; };
		3CF661A52C2085CE00BD719F /* Preview Assets.xcassets in Resources */ = {isa = PBXBuildFile; fileRef = 3CF661A42C2085CE00BD719F /* Preview Assets.xcassets */; };
/* End PBXBuildFile section */

/* Begin PBXContainerItemProxy section */
		3C92061E2C25ECC0002A8272 /* PBXContainerItemProxy */ = {
			isa = PBXContainerItemProxy;
			containerPortal = 3CF661922C2085CC00BD719F /* Project object */;
			proxyType = 1;
			remoteGlobalIDString = 3CF661992C2085CC00BD719F;
			remoteInfo = YaToDo;
		};
/* End PBXContainerItemProxy section */

/* Begin PBXFileReference section */
		3C4EB7082C2BF1D9000B7F6A /* Date+Formatting.swift */ = {isa = PBXFileReference; lastKnownFileType = sourcecode.swift; path = "Date+Formatting.swift"; sourceTree = "<group>"; };
		3C4EB70A2C2C064A000B7F6A /* TodoEditViewModel.swift */ = {isa = PBXFileReference; lastKnownFileType = sourcecode.swift; path = TodoEditViewModel.swift; sourceTree = "<group>"; };
		3C4EB70C2C2EC1A3000B7F6A /* Color+HexString.swift */ = {isa = PBXFileReference; lastKnownFileType = sourcecode.swift; path = "Color+HexString.swift"; sourceTree = "<group>"; };
		3C4EB70E2C2EC642000B7F6A /* Color+Random.swift */ = {isa = PBXFileReference; lastKnownFileType = sourcecode.swift; path = "Color+Random.swift"; sourceTree = "<group>"; };
		3C4EB7112C2ECBC8000B7F6A /* TodoColorPickerLabel.swift */ = {isa = PBXFileReference; lastKnownFileType = sourcecode.swift; path = TodoColorPickerLabel.swift; sourceTree = "<group>"; };
		3C4EB71B2C2F3F09000B7F6A /* Color+isDark.swift */ = {isa = PBXFileReference; lastKnownFileType = sourcecode.swift; path = "Color+isDark.swift"; sourceTree = "<group>"; };
		3C4EB7222C2F96F7000B7F6A /* TodoColorPicker.swift */ = {isa = PBXFileReference; lastKnownFileType = sourcecode.swift; path = TodoColorPicker.swift; sourceTree = "<group>"; };
		3C92060D2C256878002A8272 /* TodoItem.swift */ = {isa = PBXFileReference; lastKnownFileType = sourcecode.swift; path = TodoItem.swift; sourceTree = "<group>"; };
		3C9206112C256895002A8272 /* FileCache.swift */ = {isa = PBXFileReference; lastKnownFileType = sourcecode.swift; path = FileCache.swift; sourceTree = "<group>"; };
		3C92061A2C25ECC0002A8272 /* YaToDoTests.xctest */ = {isa = PBXFileReference; explicitFileType = wrapper.cfbundle; includeInIndex = 0; path = YaToDoTests.xctest; sourceTree = BUILT_PRODUCTS_DIR; };
		3C9206232C25ECE2002A8272 /* TodoItemTests.swift */ = {isa = PBXFileReference; lastKnownFileType = sourcecode.swift; path = TodoItemTests.swift; sourceTree = "<group>"; };
		3C9A2B902C2B3012007CD7F8 /* TodoItem+JSON.swift */ = {isa = PBXFileReference; lastKnownFileType = sourcecode.swift; path = "TodoItem+JSON.swift"; sourceTree = "<group>"; };
		3C9A2B922C2B301D007CD7F8 /* TodoItem+CSV.swift */ = {isa = PBXFileReference; lastKnownFileType = sourcecode.swift; path = "TodoItem+CSV.swift"; sourceTree = "<group>"; };
		3C9A2B962C2B3EC8007CD7F8 /* ModelData.swift */ = {isa = PBXFileReference; lastKnownFileType = sourcecode.swift; path = ModelData.swift; sourceTree = "<group>"; };
		3C9A2B982C2B4235007CD7F8 /* TodoList.swift */ = {isa = PBXFileReference; lastKnownFileType = sourcecode.swift; path = TodoList.swift; sourceTree = "<group>"; };
		3C9A2B9A2C2B4240007CD7F8 /* TodoRow.swift */ = {isa = PBXFileReference; lastKnownFileType = sourcecode.swift; path = TodoRow.swift; sourceTree = "<group>"; };
		3C9A2BA02C2B42CC007CD7F8 /* TodoEdit.swift */ = {isa = PBXFileReference; lastKnownFileType = sourcecode.swift; path = TodoEdit.swift; sourceTree = "<group>"; };
		3C9A2BA42C2B4865007CD7F8 /* TodoItemJSONTests.swift */ = {isa = PBXFileReference; lastKnownFileType = sourcecode.swift; path = TodoItemJSONTests.swift; sourceTree = "<group>"; };
		3C9A2BA62C2B48AF007CD7F8 /* TodoItemCSVTests.swift */ = {isa = PBXFileReference; lastKnownFileType = sourcecode.swift; path = TodoItemCSVTests.swift; sourceTree = "<group>"; };
		3CA19E7E2C367BF800A28319 /* TodoCalendarViewController.swift */ = {isa = PBXFileReference; lastKnownFileType = sourcecode.swift; path = TodoCalendarViewController.swift; sourceTree = "<group>"; };
		3CA19E802C367CE200A28319 /* TodoCalendar.swift */ = {isa = PBXFileReference; lastKnownFileType = sourcecode.swift; path = TodoCalendar.swift; sourceTree = "<group>"; };
		3CA19E822C3692E500A28319 /* MockData.swift */ = {isa = PBXFileReference; lastKnownFileType = sourcecode.swift; path = MockData.swift; sourceTree = "<group>"; };
		3CA19E892C36C64900A28319 /* Date+StartOfDay.swift */ = {isa = PBXFileReference; lastKnownFileType = sourcecode.swift; path = "Date+StartOfDay.swift"; sourceTree = "<group>"; };
		3CD370B62C284F40004B8107 /* .gitignore */ = {isa = PBXFileReference; lastKnownFileType = text; path = .gitignore; sourceTree = "<group>"; };
		3CF6619A2C2085CC00BD719F /* YaToDo.app */ = {isa = PBXFileReference; explicitFileType = wrapper.application; includeInIndex = 0; path = YaToDo.app; sourceTree = BUILT_PRODUCTS_DIR; };
		3CF6619D2C2085CC00BD719F /* YaToDoApp.swift */ = {isa = PBXFileReference; lastKnownFileType = sourcecode.swift; path = YaToDoApp.swift; sourceTree = "<group>"; };
		3CF6619F2C2085CC00BD719F /* ContentView.swift */ = {isa = PBXFileReference; lastKnownFileType = sourcecode.swift; path = ContentView.swift; sourceTree = "<group>"; };
		3CF661A12C2085CE00BD719F /* Assets.xcassets */ = {isa = PBXFileReference; lastKnownFileType = folder.assetcatalog; path = Assets.xcassets; sourceTree = "<group>"; };
		3CF661A42C2085CE00BD719F /* Preview Assets.xcassets */ = {isa = PBXFileReference; lastKnownFileType = folder.assetcatalog; path = "Preview Assets.xcassets"; sourceTree = "<group>"; };
/* End PBXFileReference section */

/* Begin PBXFrameworksBuildPhase section */
		3C9206172C25ECC0002A8272 /* Frameworks */ = {
			isa = PBXFrameworksBuildPhase;
			buildActionMask = 2147483647;
			files = (
			);
			runOnlyForDeploymentPostprocessing = 0;
		};
		3CF661972C2085CC00BD719F /* Frameworks */ = {
			isa = PBXFrameworksBuildPhase;
			buildActionMask = 2147483647;
			files = (
			);
			runOnlyForDeploymentPostprocessing = 0;
		};
/* End PBXFrameworksBuildPhase section */

/* Begin PBXGroup section */
		3C4EB7072C2BF133000B7F6A /* Extensions */ = {
			isa = PBXGroup;
			children = (
				3CA19E862C369E7B00A28319 /* Date */,
				3C4EB71D2C2F3F0C000B7F6A /* Color */,
			);
			path = Extensions;
			sourceTree = "<group>";
		};
		3C4EB7132C2EDACC000B7F6A /* Components */ = {
			isa = PBXGroup;
			children = (
				3C4EB7222C2F96F7000B7F6A /* TodoColorPicker.swift */,
				3C4EB7112C2ECBC8000B7F6A /* TodoColorPickerLabel.swift */,
			);
			path = Components;
			sourceTree = "<group>";
		};
		3C4EB7162C2EDD11000B7F6A /* Helpers */ = {
			isa = PBXGroup;
			children = (
				3C4EB7072C2BF133000B7F6A /* Extensions */,
			);
			path = Helpers;
			sourceTree = "<group>";
		};
		3C4EB71D2C2F3F0C000B7F6A /* Color */ = {
			isa = PBXGroup;
			children = (
				3C4EB70C2C2EC1A3000B7F6A /* Color+HexString.swift */,
				3C4EB70E2C2EC642000B7F6A /* Color+Random.swift */,
				3C4EB71B2C2F3F09000B7F6A /* Color+isDark.swift */,
			);
			path = Color;
			sourceTree = "<group>";
		};
		3C8FD9372C29D10400AB4C4A /* Model */ = {
			isa = PBXGroup;
			children = (
				3C9A2B952C2B3E9C007CD7F8 /* TodoItem */,
				3C9206112C256895002A8272 /* FileCache.swift */,
				3C9A2B962C2B3EC8007CD7F8 /* ModelData.swift */,
				3CA19E822C3692E500A28319 /* MockData.swift */,
			);
			path = Model;
			sourceTree = "<group>";
		};
		3C8FD9382C29D10E00AB4C4A /* Views */ = {
			isa = PBXGroup;
			children = (
				3CF6619F2C2085CC00BD719F /* ContentView.swift */,
				3C9A2B9C2C2B4245007CD7F8 /* TodoList */,
				3C9A2B9D2C2B4269007CD7F8 /* TodoEdit */,
				3CA19E7D2C36747500A28319 /* TodoCalendar */,
				3C4EB7132C2EDACC000B7F6A /* Components */,
			);
			path = Views;
			sourceTree = "<group>";
		};
		3C92061B2C25ECC0002A8272 /* YaToDoTests */ = {
			isa = PBXGroup;
			children = (
				3C9206232C25ECE2002A8272 /* TodoItemTests.swift */,
				3C9A2BA42C2B4865007CD7F8 /* TodoItemJSONTests.swift */,
				3C9A2BA62C2B48AF007CD7F8 /* TodoItemCSVTests.swift */,
			);
			path = YaToDoTests;
			sourceTree = "<group>";
		};
		3C9A2B952C2B3E9C007CD7F8 /* TodoItem */ = {
			isa = PBXGroup;
			children = (
				3C92060D2C256878002A8272 /* TodoItem.swift */,
				3C9A2B902C2B3012007CD7F8 /* TodoItem+JSON.swift */,
				3C9A2B922C2B301D007CD7F8 /* TodoItem+CSV.swift */,
			);
			path = TodoItem;
			sourceTree = "<group>";
		};
		3C9A2B9C2C2B4245007CD7F8 /* TodoList */ = {
			isa = PBXGroup;
			children = (
				3C9A2B982C2B4235007CD7F8 /* TodoList.swift */,
				3C9A2B9A2C2B4240007CD7F8 /* TodoRow.swift */,
			);
			path = TodoList;
			sourceTree = "<group>";
		};
		3C9A2B9D2C2B4269007CD7F8 /* TodoEdit */ = {
			isa = PBXGroup;
			children = (
				3C9A2BA02C2B42CC007CD7F8 /* TodoEdit.swift */,
				3C4EB70A2C2C064A000B7F6A /* TodoEditViewModel.swift */,
			);
			path = TodoEdit;
			sourceTree = "<group>";
		};
		3CA19E7D2C36747500A28319 /* TodoCalendar */ = {
			isa = PBXGroup;
			children = (
				3CA19E7E2C367BF800A28319 /* TodoCalendarViewController.swift */,
				3CA19E802C367CE200A28319 /* TodoCalendar.swift */,
			);
			path = TodoCalendar;
			sourceTree = "<group>";
		};
		3CA19E862C369E7B00A28319 /* Date */ = {
			isa = PBXGroup;
			children = (
				3C4EB7082C2BF1D9000B7F6A /* Date+Formatting.swift */,
				3CA19E892C36C64900A28319 /* Date+StartOfDay.swift */,
			);
			path = Date;
			sourceTree = "<group>";
		};
		3CF661912C2085CC00BD719F = {
			isa = PBXGroup;
			children = (
				3CF6619C2C2085CC00BD719F /* YaToDo */,
				3C92061B2C25ECC0002A8272 /* YaToDoTests */,
				3CD370B62C284F40004B8107 /* .gitignore */,
				3CF6619B2C2085CC00BD719F /* Products */,
			);
			sourceTree = "<group>";
		};
		3CF6619B2C2085CC00BD719F /* Products */ = {
			isa = PBXGroup;
			children = (
				3CF6619A2C2085CC00BD719F /* YaToDo.app */,
				3C92061A2C25ECC0002A8272 /* YaToDoTests.xctest */,
			);
			name = Products;
			sourceTree = "<group>";
		};
		3CF6619C2C2085CC00BD719F /* YaToDo */ = {
			isa = PBXGroup;
			children = (
				3CF6619D2C2085CC00BD719F /* YaToDoApp.swift */,
				3C8FD9382C29D10E00AB4C4A /* Views */,
				3C8FD9372C29D10400AB4C4A /* Model */,
				3C4EB7162C2EDD11000B7F6A /* Helpers */,
				3CF661A12C2085CE00BD719F /* Assets.xcassets */,
				3CF661A32C2085CE00BD719F /* Preview Content */,
			);
			path = YaToDo;
			sourceTree = "<group>";
		};
		3CF661A32C2085CE00BD719F /* Preview Content */ = {
			isa = PBXGroup;
			children = (
				3CF661A42C2085CE00BD719F /* Preview Assets.xcassets */,
			);
			path = "Preview Content";
			sourceTree = "<group>";
		};
/* End PBXGroup section */

/* Begin PBXNativeTarget section */
		3C9206192C25ECC0002A8272 /* YaToDoTests */ = {
			isa = PBXNativeTarget;
			buildConfigurationList = 3C9206202C25ECC0002A8272 /* Build configuration list for PBXNativeTarget "YaToDoTests" */;
			buildPhases = (
				3C9206162C25ECC0002A8272 /* Sources */,
				3C9206172C25ECC0002A8272 /* Frameworks */,
				3C9206182C25ECC0002A8272 /* Resources */,
			);
			buildRules = (
			);
			dependencies = (
				3C92061F2C25ECC0002A8272 /* PBXTargetDependency */,
			);
			name = YaToDoTests;
			productName = YaToDoTests;
			productReference = 3C92061A2C25ECC0002A8272 /* YaToDoTests.xctest */;
			productType = "com.apple.product-type.bundle.unit-test";
		};
		3CF661992C2085CC00BD719F /* YaToDo */ = {
			isa = PBXNativeTarget;
			buildConfigurationList = 3CF661A82C2085CE00BD719F /* Build configuration list for PBXNativeTarget "YaToDo" */;
			buildPhases = (
				3CF661962C2085CC00BD719F /* Sources */,
				3CF661972C2085CC00BD719F /* Frameworks */,
				3CF661982C2085CC00BD719F /* Resources */,
			);
			buildRules = (
			);
			dependencies = (
			);
			name = YaToDo;
			productName = YaToDo;
			productReference = 3CF6619A2C2085CC00BD719F /* YaToDo.app */;
			productType = "com.apple.product-type.application";
		};
/* End PBXNativeTarget section */

/* Begin PBXProject section */
		3CF661922C2085CC00BD719F /* Project object */ = {
			isa = PBXProject;
			attributes = {
				BuildIndependentTargetsInParallel = 1;
				LastSwiftUpdateCheck = 1520;
				LastUpgradeCheck = 1520;
				TargetAttributes = {
					3C9206192C25ECC0002A8272 = {
						CreatedOnToolsVersion = 15.2;
						TestTargetID = 3CF661992C2085CC00BD719F;
					};
					3CF661992C2085CC00BD719F = {
						CreatedOnToolsVersion = 15.2;
					};
				};
			};
			buildConfigurationList = 3CF661952C2085CC00BD719F /* Build configuration list for PBXProject "YaToDo" */;
			compatibilityVersion = "Xcode 14.0";
			developmentRegion = en;
			hasScannedForEncodings = 0;
			knownRegions = (
				en,
				Base,
			);
			mainGroup = 3CF661912C2085CC00BD719F;
			productRefGroup = 3CF6619B2C2085CC00BD719F /* Products */;
			projectDirPath = "";
			projectRoot = "";
			targets = (
				3CF661992C2085CC00BD719F /* YaToDo */,
				3C9206192C25ECC0002A8272 /* YaToDoTests */,
			);
		};
/* End PBXProject section */

/* Begin PBXResourcesBuildPhase section */
		3C9206182C25ECC0002A8272 /* Resources */ = {
			isa = PBXResourcesBuildPhase;
			buildActionMask = 2147483647;
			files = (
			);
			runOnlyForDeploymentPostprocessing = 0;
		};
		3CF661982C2085CC00BD719F /* Resources */ = {
			isa = PBXResourcesBuildPhase;
			buildActionMask = 2147483647;
			files = (
				3CF661A52C2085CE00BD719F /* Preview Assets.xcassets in Resources */,
				3CD370B72C284F40004B8107 /* .gitignore in Resources */,
				3CF661A22C2085CE00BD719F /* Assets.xcassets in Resources */,
			);
			runOnlyForDeploymentPostprocessing = 0;
		};
/* End PBXResourcesBuildPhase section */

/* Begin PBXSourcesBuildPhase section */
		3C9206162C25ECC0002A8272 /* Sources */ = {
			isa = PBXSourcesBuildPhase;
			buildActionMask = 2147483647;
			files = (
				3C9A2BA72C2B48AF007CD7F8 /* TodoItemCSVTests.swift in Sources */,
				3C9A2BA52C2B4865007CD7F8 /* TodoItemJSONTests.swift in Sources */,
				3C9206242C25ECE2002A8272 /* TodoItemTests.swift in Sources */,
			);
			runOnlyForDeploymentPostprocessing = 0;
		};
		3CF661962C2085CC00BD719F /* Sources */ = {
			isa = PBXSourcesBuildPhase;
			buildActionMask = 2147483647;
			files = (
				3C4EB7122C2ECBC8000B7F6A /* TodoColorPickerLabel.swift in Sources */,
				3C4EB70F2C2EC642000B7F6A /* Color+Random.swift in Sources */,
				3C4EB71C2C2F3F09000B7F6A /* Color+isDark.swift in Sources */,
				3C4EB7092C2BF1D9000B7F6A /* Date+Formatting.swift in Sources */,
				3CA19E812C367CE200A28319 /* TodoCalendar.swift in Sources */,
				3CF661A02C2085CC00BD719F /* ContentView.swift in Sources */,
				3C4EB7232C2F96F7000B7F6A /* TodoColorPicker.swift in Sources */,
				3C9A2B912C2B3012007CD7F8 /* TodoItem+JSON.swift in Sources */,
				3CA19E8A2C36C64900A28319 /* Date+StartOfDay.swift in Sources */,
				3C9A2B9B2C2B4240007CD7F8 /* TodoRow.swift in Sources */,
				3CA19E832C3692E500A28319 /* MockData.swift in Sources */,
				3C92060E2C256878002A8272 /* TodoItem.swift in Sources */,
				3C9A2B992C2B4235007CD7F8 /* TodoList.swift in Sources */,
				3C4EB70B2C2C064A000B7F6A /* TodoEditViewModel.swift in Sources */,
				3C9206122C256895002A8272 /* FileCache.swift in Sources */,
				3CA19E7F2C367BF800A28319 /* TodoCalendarViewController.swift in Sources */,
				3C4EB70D2C2EC1A3000B7F6A /* Color+HexString.swift in Sources */,
				3CF6619E2C2085CC00BD719F /* YaToDoApp.swift in Sources */,
				3C9A2BA12C2B42CC007CD7F8 /* TodoEdit.swift in Sources */,
				3C9A2B972C2B3EC8007CD7F8 /* ModelData.swift in Sources */,
				3C9A2B932C2B301D007CD7F8 /* TodoItem+CSV.swift in Sources */,
			);
			runOnlyForDeploymentPostprocessing = 0;
		};
/* End PBXSourcesBuildPhase section */

/* Begin PBXTargetDependency section */
		3C92061F2C25ECC0002A8272 /* PBXTargetDependency */ = {
			isa = PBXTargetDependency;
			target = 3CF661992C2085CC00BD719F /* YaToDo */;
			targetProxy = 3C92061E2C25ECC0002A8272 /* PBXContainerItemProxy */;
		};
/* End PBXTargetDependency section */

/* Begin XCBuildConfiguration section */
		3C9206212C25ECC0002A8272 /* Debug */ = {
			isa = XCBuildConfiguration;
			buildSettings = {
				BUNDLE_LOADER = "$(TEST_HOST)";
				CODE_SIGN_STYLE = Automatic;
				CURRENT_PROJECT_VERSION = 1;
				DEVELOPMENT_TEAM = 4766WZNPKP;
				GENERATE_INFOPLIST_FILE = YES;
				IPHONEOS_DEPLOYMENT_TARGET = 17.0;
				MARKETING_VERSION = 1.0;
				PRODUCT_BUNDLE_IDENTIFIER = com.danilmasnaviev.YaToDoTests;
				PRODUCT_NAME = "$(TARGET_NAME)";
				SWIFT_EMIT_LOC_STRINGS = NO;
				SWIFT_VERSION = 5.0;
				TARGETED_DEVICE_FAMILY = "1,2";
				TEST_HOST = "$(BUILT_PRODUCTS_DIR)/YaToDo.app/$(BUNDLE_EXECUTABLE_FOLDER_PATH)/YaToDo";
			};
			name = Debug;
		};
		3C9206222C25ECC0002A8272 /* Release */ = {
			isa = XCBuildConfiguration;
			buildSettings = {
				BUNDLE_LOADER = "$(TEST_HOST)";
				CODE_SIGN_STYLE = Automatic;
				CURRENT_PROJECT_VERSION = 1;
				DEVELOPMENT_TEAM = 4766WZNPKP;
				GENERATE_INFOPLIST_FILE = YES;
				IPHONEOS_DEPLOYMENT_TARGET = 17.0;
				MARKETING_VERSION = 1.0;
				PRODUCT_BUNDLE_IDENTIFIER = com.danilmasnaviev.YaToDoTests;
				PRODUCT_NAME = "$(TARGET_NAME)";
				SWIFT_EMIT_LOC_STRINGS = NO;
				SWIFT_VERSION = 5.0;
				TARGETED_DEVICE_FAMILY = "1,2";
				TEST_HOST = "$(BUILT_PRODUCTS_DIR)/YaToDo.app/$(BUNDLE_EXECUTABLE_FOLDER_PATH)/YaToDo";
			};
			name = Release;
		};
		3CF661A62C2085CE00BD719F /* Debug */ = {
			isa = XCBuildConfiguration;
			buildSettings = {
				ALWAYS_SEARCH_USER_PATHS = NO;
				ASSETCATALOG_COMPILER_GENERATE_SWIFT_ASSET_SYMBOL_EXTENSIONS = YES;
				CLANG_ANALYZER_NONNULL = YES;
				CLANG_ANALYZER_NUMBER_OBJECT_CONVERSION = YES_AGGRESSIVE;
				CLANG_CXX_LANGUAGE_STANDARD = "gnu++20";
				CLANG_ENABLE_MODULES = YES;
				CLANG_ENABLE_OBJC_ARC = YES;
				CLANG_ENABLE_OBJC_WEAK = YES;
				CLANG_WARN_BLOCK_CAPTURE_AUTORELEASING = YES;
				CLANG_WARN_BOOL_CONVERSION = YES;
				CLANG_WARN_COMMA = YES;
				CLANG_WARN_CONSTANT_CONVERSION = YES;
				CLANG_WARN_DEPRECATED_OBJC_IMPLEMENTATIONS = YES;
				CLANG_WARN_DIRECT_OBJC_ISA_USAGE = YES_ERROR;
				CLANG_WARN_DOCUMENTATION_COMMENTS = YES;
				CLANG_WARN_EMPTY_BODY = YES;
				CLANG_WARN_ENUM_CONVERSION = YES;
				CLANG_WARN_INFINITE_RECURSION = YES;
				CLANG_WARN_INT_CONVERSION = YES;
				CLANG_WARN_NON_LITERAL_NULL_CONVERSION = YES;
				CLANG_WARN_OBJC_IMPLICIT_RETAIN_SELF = YES;
				CLANG_WARN_OBJC_LITERAL_CONVERSION = YES;
				CLANG_WARN_OBJC_ROOT_CLASS = YES_ERROR;
				CLANG_WARN_QUOTED_INCLUDE_IN_FRAMEWORK_HEADER = YES;
				CLANG_WARN_RANGE_LOOP_ANALYSIS = YES;
				CLANG_WARN_STRICT_PROTOTYPES = YES;
				CLANG_WARN_SUSPICIOUS_MOVE = YES;
				CLANG_WARN_UNGUARDED_AVAILABILITY = YES_AGGRESSIVE;
				CLANG_WARN_UNREACHABLE_CODE = YES;
				CLANG_WARN__DUPLICATE_METHOD_MATCH = YES;
				COPY_PHASE_STRIP = NO;
				DEBUG_INFORMATION_FORMAT = dwarf;
				ENABLE_STRICT_OBJC_MSGSEND = YES;
				ENABLE_TESTABILITY = YES;
				ENABLE_USER_SCRIPT_SANDBOXING = YES;
				GCC_C_LANGUAGE_STANDARD = gnu17;
				GCC_DYNAMIC_NO_PIC = NO;
				GCC_NO_COMMON_BLOCKS = YES;
				GCC_OPTIMIZATION_LEVEL = 0;
				GCC_PREPROCESSOR_DEFINITIONS = (
					"DEBUG=1",
					"$(inherited)",
				);
				GCC_WARN_64_TO_32_BIT_CONVERSION = YES;
				GCC_WARN_ABOUT_RETURN_TYPE = YES_ERROR;
				GCC_WARN_UNDECLARED_SELECTOR = YES;
				GCC_WARN_UNINITIALIZED_AUTOS = YES_AGGRESSIVE;
				GCC_WARN_UNUSED_FUNCTION = YES;
				GCC_WARN_UNUSED_VARIABLE = YES;
				IPHONEOS_DEPLOYMENT_TARGET = 17.0;
				LOCALIZATION_PREFERS_STRING_CATALOGS = YES;
				MTL_ENABLE_DEBUG_INFO = INCLUDE_SOURCE;
				MTL_FAST_MATH = YES;
				ONLY_ACTIVE_ARCH = YES;
				SDKROOT = iphoneos;
				SWIFT_ACTIVE_COMPILATION_CONDITIONS = "DEBUG $(inherited)";
				SWIFT_OPTIMIZATION_LEVEL = "-Onone";
			};
			name = Debug;
		};
		3CF661A72C2085CE00BD719F /* Release */ = {
			isa = XCBuildConfiguration;
			buildSettings = {
				ALWAYS_SEARCH_USER_PATHS = NO;
				ASSETCATALOG_COMPILER_GENERATE_SWIFT_ASSET_SYMBOL_EXTENSIONS = YES;
				CLANG_ANALYZER_NONNULL = YES;
				CLANG_ANALYZER_NUMBER_OBJECT_CONVERSION = YES_AGGRESSIVE;
				CLANG_CXX_LANGUAGE_STANDARD = "gnu++20";
				CLANG_ENABLE_MODULES = YES;
				CLANG_ENABLE_OBJC_ARC = YES;
				CLANG_ENABLE_OBJC_WEAK = YES;
				CLANG_WARN_BLOCK_CAPTURE_AUTORELEASING = YES;
				CLANG_WARN_BOOL_CONVERSION = YES;
				CLANG_WARN_COMMA = YES;
				CLANG_WARN_CONSTANT_CONVERSION = YES;
				CLANG_WARN_DEPRECATED_OBJC_IMPLEMENTATIONS = YES;
				CLANG_WARN_DIRECT_OBJC_ISA_USAGE = YES_ERROR;
				CLANG_WARN_DOCUMENTATION_COMMENTS = YES;
				CLANG_WARN_EMPTY_BODY = YES;
				CLANG_WARN_ENUM_CONVERSION = YES;
				CLANG_WARN_INFINITE_RECURSION = YES;
				CLANG_WARN_INT_CONVERSION = YES;
				CLANG_WARN_NON_LITERAL_NULL_CONVERSION = YES;
				CLANG_WARN_OBJC_IMPLICIT_RETAIN_SELF = YES;
				CLANG_WARN_OBJC_LITERAL_CONVERSION = YES;
				CLANG_WARN_OBJC_ROOT_CLASS = YES_ERROR;
				CLANG_WARN_QUOTED_INCLUDE_IN_FRAMEWORK_HEADER = YES;
				CLANG_WARN_RANGE_LOOP_ANALYSIS = YES;
				CLANG_WARN_STRICT_PROTOTYPES = YES;
				CLANG_WARN_SUSPICIOUS_MOVE = YES;
				CLANG_WARN_UNGUARDED_AVAILABILITY = YES_AGGRESSIVE;
				CLANG_WARN_UNREACHABLE_CODE = YES;
				CLANG_WARN__DUPLICATE_METHOD_MATCH = YES;
				COPY_PHASE_STRIP = NO;
				DEBUG_INFORMATION_FORMAT = "dwarf-with-dsym";
				ENABLE_NS_ASSERTIONS = NO;
				ENABLE_STRICT_OBJC_MSGSEND = YES;
				ENABLE_USER_SCRIPT_SANDBOXING = YES;
				GCC_C_LANGUAGE_STANDARD = gnu17;
				GCC_NO_COMMON_BLOCKS = YES;
				GCC_WARN_64_TO_32_BIT_CONVERSION = YES;
				GCC_WARN_ABOUT_RETURN_TYPE = YES_ERROR;
				GCC_WARN_UNDECLARED_SELECTOR = YES;
				GCC_WARN_UNINITIALIZED_AUTOS = YES_AGGRESSIVE;
				GCC_WARN_UNUSED_FUNCTION = YES;
				GCC_WARN_UNUSED_VARIABLE = YES;
				IPHONEOS_DEPLOYMENT_TARGET = 17.0;
				LOCALIZATION_PREFERS_STRING_CATALOGS = YES;
				MTL_ENABLE_DEBUG_INFO = NO;
				MTL_FAST_MATH = YES;
				SDKROOT = iphoneos;
				SWIFT_COMPILATION_MODE = wholemodule;
				VALIDATE_PRODUCT = YES;
			};
			name = Release;
		};
		3CF661A92C2085CE00BD719F /* Debug */ = {
			isa = XCBuildConfiguration;
			buildSettings = {
				ASSETCATALOG_COMPILER_APPICON_NAME = AppIcon;
				ASSETCATALOG_COMPILER_GLOBAL_ACCENT_COLOR_NAME = AccentColor;
				CODE_SIGN_STYLE = Automatic;
				CURRENT_PROJECT_VERSION = 1;
				DEVELOPMENT_ASSET_PATHS = "\"YaToDo/Preview Content\"";
				DEVELOPMENT_TEAM = 4766WZNPKP;
				ENABLE_PREVIEWS = YES;
				GENERATE_INFOPLIST_FILE = YES;
				INFOPLIST_KEY_UIApplicationSceneManifest_Generation = YES;
				INFOPLIST_KEY_UIApplicationSupportsIndirectInputEvents = YES;
				INFOPLIST_KEY_UILaunchScreen_Generation = YES;
				INFOPLIST_KEY_UISupportedInterfaceOrientations_iPad = "UIInterfaceOrientationPortrait UIInterfaceOrientationPortraitUpsideDown UIInterfaceOrientationLandscapeLeft UIInterfaceOrientationLandscapeRight";
				INFOPLIST_KEY_UISupportedInterfaceOrientations_iPhone = "UIInterfaceOrientationPortrait UIInterfaceOrientationLandscapeLeft UIInterfaceOrientationLandscapeRight";
				IPHONEOS_DEPLOYMENT_TARGET = 17.0;
				LD_RUNPATH_SEARCH_PATHS = (
					"$(inherited)",
					"@executable_path/Frameworks",
				);
				MARKETING_VERSION = 1.0;
				PRODUCT_BUNDLE_IDENTIFIER = com.danilmasnaviev.YaToDo;
				PRODUCT_NAME = "$(TARGET_NAME)";
				SWIFT_EMIT_LOC_STRINGS = YES;
				SWIFT_VERSION = 5.0;
				TARGETED_DEVICE_FAMILY = "1,2";
			};
			name = Debug;
		};
		3CF661AA2C2085CE00BD719F /* Release */ = {
			isa = XCBuildConfiguration;
			buildSettings = {
				ASSETCATALOG_COMPILER_APPICON_NAME = AppIcon;
				ASSETCATALOG_COMPILER_GLOBAL_ACCENT_COLOR_NAME = AccentColor;
				CODE_SIGN_STYLE = Automatic;
				CURRENT_PROJECT_VERSION = 1;
				DEVELOPMENT_ASSET_PATHS = "\"YaToDo/Preview Content\"";
				DEVELOPMENT_TEAM = 4766WZNPKP;
				ENABLE_PREVIEWS = YES;
				GENERATE_INFOPLIST_FILE = YES;
				INFOPLIST_KEY_UIApplicationSceneManifest_Generation = YES;
				INFOPLIST_KEY_UIApplicationSupportsIndirectInputEvents = YES;
				INFOPLIST_KEY_UILaunchScreen_Generation = YES;
				INFOPLIST_KEY_UISupportedInterfaceOrientations_iPad = "UIInterfaceOrientationPortrait UIInterfaceOrientationPortraitUpsideDown UIInterfaceOrientationLandscapeLeft UIInterfaceOrientationLandscapeRight";
				INFOPLIST_KEY_UISupportedInterfaceOrientations_iPhone = "UIInterfaceOrientationPortrait UIInterfaceOrientationLandscapeLeft UIInterfaceOrientationLandscapeRight";
				IPHONEOS_DEPLOYMENT_TARGET = 17.0;
				LD_RUNPATH_SEARCH_PATHS = (
					"$(inherited)",
					"@executable_path/Frameworks",
				);
				MARKETING_VERSION = 1.0;
				PRODUCT_BUNDLE_IDENTIFIER = com.danilmasnaviev.YaToDo;
				PRODUCT_NAME = "$(TARGET_NAME)";
				SWIFT_EMIT_LOC_STRINGS = YES;
				SWIFT_VERSION = 5.0;
				TARGETED_DEVICE_FAMILY = "1,2";
			};
			name = Release;
		};
/* End XCBuildConfiguration section */

/* Begin XCConfigurationList section */
		3C9206202C25ECC0002A8272 /* Build configuration list for PBXNativeTarget "YaToDoTests" */ = {
			isa = XCConfigurationList;
			buildConfigurations = (
				3C9206212C25ECC0002A8272 /* Debug */,
				3C9206222C25ECC0002A8272 /* Release */,
			);
			defaultConfigurationIsVisible = 0;
			defaultConfigurationName = Release;
		};
		3CF661952C2085CC00BD719F /* Build configuration list for PBXProject "YaToDo" */ = {
			isa = XCConfigurationList;
			buildConfigurations = (
				3CF661A62C2085CE00BD719F /* Debug */,
				3CF661A72C2085CE00BD719F /* Release */,
			);
			defaultConfigurationIsVisible = 0;
			defaultConfigurationName = Release;
		};
		3CF661A82C2085CE00BD719F /* Build configuration list for PBXNativeTarget "YaToDo" */ = {
			isa = XCConfigurationList;
			buildConfigurations = (
				3CF661A92C2085CE00BD719F /* Debug */,
				3CF661AA2C2085CE00BD719F /* Release */,
			);
			defaultConfigurationIsVisible = 0;
			defaultConfigurationName = Release;
		};
/* End XCConfigurationList section */
	};
	rootObject = 3CF661922C2085CC00BD719F /* Project object */;
}
